
Microsoft Visual Studio Solution File, Format Version 12.00
# Visual Studio 15
VisualStudioVersion = 15.0.27428.2002
MinimumVisualStudioVersion = 10.0.40219.1
Project("{FAE04EC0-301F-11D3-BF4B-00C04F79EFBC}") = "SanteDB.Core.Api", "santedb-api\SanteDB.Core.Api\SanteDB.Core.Api.csproj", "{3A45F695-47A2-464C-ACE6-BDABBFA39FBC}"
	ProjectSection(ProjectDependencies) = postProject
		{F1A82A4F-4A57-47D7-AE76-444C8A4FF54A} = {F1A82A4F-4A57-47D7-AE76-444C8A4FF54A}
	EndProjectSection
EndProject
Project("{FAE04EC0-301F-11D3-BF4B-00C04F79EFBC}") = "SanteDB.Core.Api.Test", "santedb-api\SanteDB.Core.Api.Test\SanteDB.Core.Api.Test.csproj", "{59B5E3BE-790E-451F-BACA-631369CF535C}"
	ProjectSection(ProjectDependencies) = postProject
		{3A45F695-47A2-464C-ACE6-BDABBFA39FBC} = {3A45F695-47A2-464C-ACE6-BDABBFA39FBC}
	EndProjectSection
EndProject
Project("{2150E333-8FDC-42A3-9474-1A3956D46DE8}") = "Api", "Api", "{D8E3051B-A09A-471B-ABA4-00F16DD9B82B}"
EndProject
Project("{FAE04EC0-301F-11D3-BF4B-00C04F79EFBC}") = "SanteDB.Core.Model", "santedb-model\SanteDB.Core.Model\SanteDB.Core.Model.csproj", "{F1A82A4F-4A57-47D7-AE76-444C8A4FF54A}"
EndProject
Project("{2150E333-8FDC-42A3-9474-1A3956D46DE8}") = "Data", "Data", "{29A3C488-5AA4-4F77-A7E3-1A3B1050D4D9}"
EndProject
Project("{FAE04EC0-301F-11D3-BF4B-00C04F79EFBC}") = "SanteDB.OrmLite", "santedb-orm\SanteDB.OrmLite\SanteDB.OrmLite.csproj", "{407C87E6-A1F3-45E6-B883-A8176B350817}"
	ProjectSection(ProjectDependencies) = postProject
		{F1A82A4F-4A57-47D7-AE76-444C8A4FF54A} = {F1A82A4F-4A57-47D7-AE76-444C8A4FF54A}
	EndProjectSection
EndProject
Project("{FAE04EC0-301F-11D3-BF4B-00C04F79EFBC}") = "SanteDB.BusinessRules.JavaScript", "santedb-bre-js\SanteDB.BusinessRules.JavaScript\SanteDB.BusinessRules.JavaScript.csproj", "{3BFD6EE6-0267-4D82-BE7D-9B48B2F6F3D4}"
	ProjectSection(ProjectDependencies) = postProject
		{F1A82A4F-4A57-47D7-AE76-444C8A4FF54A} = {F1A82A4F-4A57-47D7-AE76-444C8A4FF54A}
		{39E61451-F4FE-493D-B754-5F06EB284AAC} = {39E61451-F4FE-493D-B754-5F06EB284AAC}
		{3A45F695-47A2-464C-ACE6-BDABBFA39FBC} = {3A45F695-47A2-464C-ACE6-BDABBFA39FBC}
	EndProjectSection
EndProject
Project("{2150E333-8FDC-42A3-9474-1A3956D46DE8}") = "Business Rules", "Business Rules", "{2AFDEBED-1966-430B-B16A-34022FC93488}"
EndProject
Project("{FAE04EC0-301F-11D3-BF4B-00C04F79EFBC}") = "SanteDB.BusinessRules.JavaScript.Test", "santedb-bre-js\SanteDB.BusinessRules.JavaScript.Test\SanteDB.BusinessRules.JavaScript.Test.csproj", "{6AFCADBB-4505-43FD-A1BA-ED7DBC1BB232}"
EndProject
Project("{FAE04EC0-301F-11D3-BF4B-00C04F79EFBC}") = "SanteDB.Core.Applets", "santedb-applets\SanteDB.Core.Applets\SanteDB.Core.Applets.csproj", "{39E61451-F4FE-493D-B754-5F06EB284AAC}"
	ProjectSection(ProjectDependencies) = postProject
		{F1A82A4F-4A57-47D7-AE76-444C8A4FF54A} = {F1A82A4F-4A57-47D7-AE76-444C8A4FF54A}
		{3A45F695-47A2-464C-ACE6-BDABBFA39FBC} = {3A45F695-47A2-464C-ACE6-BDABBFA39FBC}
	EndProjectSection
EndProject
Project("{2150E333-8FDC-42A3-9474-1A3956D46DE8}") = "Applets", "Applets", "{74683729-B998-4C73-8C5F-AC59F6239539}"
EndProject
Project("{FAE04EC0-301F-11D3-BF4B-00C04F79EFBC}") = "SanteDB.Core.Applets.Test", "santedb-applets\SanteDB.Core.Applets.Test\SanteDB.Core.Applets.Test.csproj", "{F322715B-FBAD-4C8C-B523-AA723490C05E}"
EndProject
Project("{2150E333-8FDC-42A3-9474-1A3956D46DE8}") = "CDSS", "CDSS", "{01B1600D-D348-4EE9-B843-7AE758A8D119}"
EndProject
Project("{FAE04EC0-301F-11D3-BF4B-00C04F79EFBC}") = "SanteDB.Cdss.Xml", "santedb-cdss\SanteDB.Cdss.Xml\SanteDB.Cdss.Xml.csproj", "{CAD6BCB7-758B-4AA4-A5FE-A9FAB8A4CF2F}"
EndProject
Project("{FAE04EC0-301F-11D3-BF4B-00C04F79EFBC}") = "SanteDB.Cdss.Xml.Test", "santedb-cdss\SanteDB.Cdss.Xml.Test\SanteDB.Cdss.Xml.Test.csproj", "{F17BD798-699C-4558-AE75-F2AC97B52E86}"
EndProject
Global
	GlobalSection(SolutionConfigurationPlatforms) = preSolution
		Debug|Any CPU = Debug|Any CPU
		Release|Any CPU = Release|Any CPU
		SanteDBDebug|Any CPU = SanteDBDebug|Any CPU
		SanteDBRelease|Any CPU = SanteDBRelease|Any CPU
	EndGlobalSection
	GlobalSection(ProjectConfigurationPlatforms) = postSolution
		{3A45F695-47A2-464C-ACE6-BDABBFA39FBC}.Debug|Any CPU.ActiveCfg = Debug|Any CPU
		{3A45F695-47A2-464C-ACE6-BDABBFA39FBC}.Debug|Any CPU.Build.0 = Debug|Any CPU
		{3A45F695-47A2-464C-ACE6-BDABBFA39FBC}.Release|Any CPU.ActiveCfg = Release|Any CPU
		{3A45F695-47A2-464C-ACE6-BDABBFA39FBC}.Release|Any CPU.Build.0 = Release|Any CPU
		{3A45F695-47A2-464C-ACE6-BDABBFA39FBC}.SanteDBDebug|Any CPU.ActiveCfg = Debug|Any CPU
		{3A45F695-47A2-464C-ACE6-BDABBFA39FBC}.SanteDBDebug|Any CPU.Build.0 = Debug|Any CPU
		{3A45F695-47A2-464C-ACE6-BDABBFA39FBC}.SanteDBRelease|Any CPU.ActiveCfg = Release|Any CPU
		{3A45F695-47A2-464C-ACE6-BDABBFA39FBC}.SanteDBRelease|Any CPU.Build.0 = Release|Any CPU
		{59B5E3BE-790E-451F-BACA-631369CF535C}.Debug|Any CPU.ActiveCfg = Debug|Any CPU
		{59B5E3BE-790E-451F-BACA-631369CF535C}.Debug|Any CPU.Build.0 = Debug|Any CPU
		{59B5E3BE-790E-451F-BACA-631369CF535C}.Release|Any CPU.ActiveCfg = Release|Any CPU
		{59B5E3BE-790E-451F-BACA-631369CF535C}.Release|Any CPU.Build.0 = Release|Any CPU
		{59B5E3BE-790E-451F-BACA-631369CF535C}.SanteDBDebug|Any CPU.ActiveCfg = Debug|Any CPU
		{59B5E3BE-790E-451F-BACA-631369CF535C}.SanteDBDebug|Any CPU.Build.0 = Debug|Any CPU
		{59B5E3BE-790E-451F-BACA-631369CF535C}.SanteDBRelease|Any CPU.ActiveCfg = Release|Any CPU
		{59B5E3BE-790E-451F-BACA-631369CF535C}.SanteDBRelease|Any CPU.Build.0 = Release|Any CPU
		{F1A82A4F-4A57-47D7-AE76-444C8A4FF54A}.Debug|Any CPU.ActiveCfg = Debug|Any CPU
		{F1A82A4F-4A57-47D7-AE76-444C8A4FF54A}.Debug|Any CPU.Build.0 = Debug|Any CPU
		{F1A82A4F-4A57-47D7-AE76-444C8A4FF54A}.Release|Any CPU.ActiveCfg = Release|Any CPU
		{F1A82A4F-4A57-47D7-AE76-444C8A4FF54A}.Release|Any CPU.Build.0 = Release|Any CPU
		{F1A82A4F-4A57-47D7-AE76-444C8A4FF54A}.SanteDBDebug|Any CPU.ActiveCfg = Debug|Any CPU
		{F1A82A4F-4A57-47D7-AE76-444C8A4FF54A}.SanteDBDebug|Any CPU.Build.0 = Debug|Any CPU
		{F1A82A4F-4A57-47D7-AE76-444C8A4FF54A}.SanteDBRelease|Any CPU.ActiveCfg = Release|Any CPU
		{F1A82A4F-4A57-47D7-AE76-444C8A4FF54A}.SanteDBRelease|Any CPU.Build.0 = Release|Any CPU
		{407C87E6-A1F3-45E6-B883-A8176B350817}.Debug|Any CPU.ActiveCfg = Debug|Any CPU
		{407C87E6-A1F3-45E6-B883-A8176B350817}.Debug|Any CPU.Build.0 = Debug|Any CPU
		{407C87E6-A1F3-45E6-B883-A8176B350817}.Release|Any CPU.ActiveCfg = Release|Any CPU
		{407C87E6-A1F3-45E6-B883-A8176B350817}.Release|Any CPU.Build.0 = Release|Any CPU
		{407C87E6-A1F3-45E6-B883-A8176B350817}.SanteDBDebug|Any CPU.ActiveCfg = Debug|Any CPU
		{407C87E6-A1F3-45E6-B883-A8176B350817}.SanteDBDebug|Any CPU.Build.0 = Debug|Any CPU
		{407C87E6-A1F3-45E6-B883-A8176B350817}.SanteDBRelease|Any CPU.ActiveCfg = Release|Any CPU
		{407C87E6-A1F3-45E6-B883-A8176B350817}.SanteDBRelease|Any CPU.Build.0 = Release|Any CPU
		{3BFD6EE6-0267-4D82-BE7D-9B48B2F6F3D4}.Debug|Any CPU.ActiveCfg = Debug|Any CPU
		{3BFD6EE6-0267-4D82-BE7D-9B48B2F6F3D4}.Debug|Any CPU.Build.0 = Debug|Any CPU
		{3BFD6EE6-0267-4D82-BE7D-9B48B2F6F3D4}.Release|Any CPU.ActiveCfg = Release|Any CPU
		{3BFD6EE6-0267-4D82-BE7D-9B48B2F6F3D4}.Release|Any CPU.Build.0 = Release|Any CPU
		{3BFD6EE6-0267-4D82-BE7D-9B48B2F6F3D4}.SanteDBDebug|Any CPU.ActiveCfg = Debug|Any CPU
		{3BFD6EE6-0267-4D82-BE7D-9B48B2F6F3D4}.SanteDBDebug|Any CPU.Build.0 = Debug|Any CPU
		{3BFD6EE6-0267-4D82-BE7D-9B48B2F6F3D4}.SanteDBRelease|Any CPU.ActiveCfg = Release|Any CPU
		{3BFD6EE6-0267-4D82-BE7D-9B48B2F6F3D4}.SanteDBRelease|Any CPU.Build.0 = Release|Any CPU
		{6AFCADBB-4505-43FD-A1BA-ED7DBC1BB232}.Debug|Any CPU.ActiveCfg = Debug|Any CPU
		{6AFCADBB-4505-43FD-A1BA-ED7DBC1BB232}.Debug|Any CPU.Build.0 = Debug|Any CPU
		{6AFCADBB-4505-43FD-A1BA-ED7DBC1BB232}.Release|Any CPU.ActiveCfg = Release|Any CPU
		{6AFCADBB-4505-43FD-A1BA-ED7DBC1BB232}.Release|Any CPU.Build.0 = Release|Any CPU
		{6AFCADBB-4505-43FD-A1BA-ED7DBC1BB232}.SanteDBDebug|Any CPU.ActiveCfg = Debug|Any CPU
		{6AFCADBB-4505-43FD-A1BA-ED7DBC1BB232}.SanteDBDebug|Any CPU.Build.0 = Debug|Any CPU
		{6AFCADBB-4505-43FD-A1BA-ED7DBC1BB232}.SanteDBRelease|Any CPU.ActiveCfg = Release|Any CPU
		{6AFCADBB-4505-43FD-A1BA-ED7DBC1BB232}.SanteDBRelease|Any CPU.Build.0 = Release|Any CPU
		{39E61451-F4FE-493D-B754-5F06EB284AAC}.Debug|Any CPU.ActiveCfg = Debug|Any CPU
		{39E61451-F4FE-493D-B754-5F06EB284AAC}.Debug|Any CPU.Build.0 = Debug|Any CPU
		{39E61451-F4FE-493D-B754-5F06EB284AAC}.Release|Any CPU.ActiveCfg = Release|Any CPU
		{39E61451-F4FE-493D-B754-5F06EB284AAC}.Release|Any CPU.Build.0 = Release|Any CPU
		{39E61451-F4FE-493D-B754-5F06EB284AAC}.SanteDBDebug|Any CPU.ActiveCfg = Debug|Any CPU
		{39E61451-F4FE-493D-B754-5F06EB284AAC}.SanteDBDebug|Any CPU.Build.0 = Debug|Any CPU
		{39E61451-F4FE-493D-B754-5F06EB284AAC}.SanteDBRelease|Any CPU.ActiveCfg = Release|Any CPU
		{39E61451-F4FE-493D-B754-5F06EB284AAC}.SanteDBRelease|Any CPU.Build.0 = Release|Any CPU
		{F322715B-FBAD-4C8C-B523-AA723490C05E}.Debug|Any CPU.ActiveCfg = Debug|Any CPU
		{F322715B-FBAD-4C8C-B523-AA723490C05E}.Debug|Any CPU.Build.0 = Debug|Any CPU
		{F322715B-FBAD-4C8C-B523-AA723490C05E}.Release|Any CPU.ActiveCfg = Release|Any CPU
		{F322715B-FBAD-4C8C-B523-AA723490C05E}.Release|Any CPU.Build.0 = Release|Any CPU
		{F322715B-FBAD-4C8C-B523-AA723490C05E}.SanteDBDebug|Any CPU.ActiveCfg = Debug|Any CPU
		{F322715B-FBAD-4C8C-B523-AA723490C05E}.SanteDBDebug|Any CPU.Build.0 = Debug|Any CPU
		{F322715B-FBAD-4C8C-B523-AA723490C05E}.SanteDBRelease|Any CPU.ActiveCfg = Release|Any CPU
		{F322715B-FBAD-4C8C-B523-AA723490C05E}.SanteDBRelease|Any CPU.Build.0 = Release|Any CPU
		{CAD6BCB7-758B-4AA4-A5FE-A9FAB8A4CF2F}.Debug|Any CPU.ActiveCfg = Debug|Any CPU
		{CAD6BCB7-758B-4AA4-A5FE-A9FAB8A4CF2F}.Debug|Any CPU.Build.0 = Debug|Any CPU
		{CAD6BCB7-758B-4AA4-A5FE-A9FAB8A4CF2F}.Release|Any CPU.ActiveCfg = Release|Any CPU
		{CAD6BCB7-758B-4AA4-A5FE-A9FAB8A4CF2F}.Release|Any CPU.Build.0 = Release|Any CPU
		{CAD6BCB7-758B-4AA4-A5FE-A9FAB8A4CF2F}.SanteDBDebug|Any CPU.ActiveCfg = Debug|Any CPU
		{CAD6BCB7-758B-4AA4-A5FE-A9FAB8A4CF2F}.SanteDBDebug|Any CPU.Build.0 = Debug|Any CPU
		{CAD6BCB7-758B-4AA4-A5FE-A9FAB8A4CF2F}.SanteDBRelease|Any CPU.ActiveCfg = Release|Any CPU
		{CAD6BCB7-758B-4AA4-A5FE-A9FAB8A4CF2F}.SanteDBRelease|Any CPU.Build.0 = Release|Any CPU
		{F17BD798-699C-4558-AE75-F2AC97B52E86}.Debug|Any CPU.ActiveCfg = Debug|Any CPU
		{F17BD798-699C-4558-AE75-F2AC97B52E86}.Debug|Any CPU.Build.0 = Debug|Any CPU
		{F17BD798-699C-4558-AE75-F2AC97B52E86}.Release|Any CPU.ActiveCfg = Release|Any CPU
		{F17BD798-699C-4558-AE75-F2AC97B52E86}.Release|Any CPU.Build.0 = Release|Any CPU
		{F17BD798-699C-4558-AE75-F2AC97B52E86}.SanteDBDebug|Any CPU.ActiveCfg = Debug|Any CPU
		{F17BD798-699C-4558-AE75-F2AC97B52E86}.SanteDBDebug|Any CPU.Build.0 = Debug|Any CPU
		{F17BD798-699C-4558-AE75-F2AC97B52E86}.SanteDBRelease|Any CPU.ActiveCfg = Release|Any CPU
		{F17BD798-699C-4558-AE75-F2AC97B52E86}.SanteDBRelease|Any CPU.Build.0 = Release|Any CPU
	EndGlobalSection
	GlobalSection(SolutionProperties) = preSolution
		HideSolutionNode = FALSE
	EndGlobalSection
	GlobalSection(NestedProjects) = preSolution
		{3A45F695-47A2-464C-ACE6-BDABBFA39FBC} = {D8E3051B-A09A-471B-ABA4-00F16DD9B82B}
		{59B5E3BE-790E-451F-BACA-631369CF535C} = {D8E3051B-A09A-471B-ABA4-00F16DD9B82B}
		{F1A82A4F-4A57-47D7-AE76-444C8A4FF54A} = {D8E3051B-A09A-471B-ABA4-00F16DD9B82B}
		{407C87E6-A1F3-45E6-B883-A8176B350817} = {29A3C488-5AA4-4F77-A7E3-1A3B1050D4D9}
		{3BFD6EE6-0267-4D82-BE7D-9B48B2F6F3D4} = {2AFDEBED-1966-430B-B16A-34022FC93488}
		{6AFCADBB-4505-43FD-A1BA-ED7DBC1BB232} = {2AFDEBED-1966-430B-B16A-34022FC93488}
		{39E61451-F4FE-493D-B754-5F06EB284AAC} = {74683729-B998-4C73-8C5F-AC59F6239539}
		{F322715B-FBAD-4C8C-B523-AA723490C05E} = {74683729-B998-4C73-8C5F-AC59F6239539}
		{CAD6BCB7-758B-4AA4-A5FE-A9FAB8A4CF2F} = {01B1600D-D348-4EE9-B843-7AE758A8D119}
		{F17BD798-699C-4558-AE75-F2AC97B52E86} = {01B1600D-D348-4EE9-B843-7AE758A8D119}
	EndGlobalSection
	GlobalSection(ExtensibilityGlobals) = postSolution
		SolutionGuid = {4BEB0D4D-BB96-4F5B-ACDD-A634B349E978}
	EndGlobalSection
EndGlobal
