
Microsoft Visual Studio Solution File, Format Version 12.00
# Visual Studio Version 16
VisualStudioVersion = 16.0.29509.3
MinimumVisualStudioVersion = 10.0.40219.1
Project("{9A19103F-16F7-4668-BE54-9A1E7A4F7556}") = "SanteDB.Core.Api", "santedb-api\SanteDB.Core.Api\SanteDB.Core.Api.csproj", "{3A45F695-47A2-464C-ACE6-BDABBFA39FBC}"
	ProjectSection(ProjectDependencies) = postProject
		{F1A82A4F-4A57-47D7-AE76-444C8A4FF54A} = {F1A82A4F-4A57-47D7-AE76-444C8A4FF54A}
	EndProjectSection
EndProject
Project("{FAE04EC0-301F-11D3-BF4B-00C04F79EFBC}") = "SanteDB.Core.Api.Test", "santedb-api\SanteDB.Core.Api.Test\SanteDB.Core.Api.Test.csproj", "{59B5E3BE-790E-451F-BACA-631369CF535C}"
	ProjectSection(ProjectDependencies) = postProject
		{3A45F695-47A2-464C-ACE6-BDABBFA39FBC} = {3A45F695-47A2-464C-ACE6-BDABBFA39FBC}
	EndProjectSection
EndProject
Project("{2150E333-8FDC-42A3-9474-1A3956D46DE8}") = "Api", "Api", "{D8E3051B-A09A-471B-ABA4-00F16DD9B82B}"
EndProject
Project("{9A19103F-16F7-4668-BE54-9A1E7A4F7556}") = "SanteDB.Core.Model", "santedb-model\SanteDB.Core.Model\SanteDB.Core.Model.csproj", "{F1A82A4F-4A57-47D7-AE76-444C8A4FF54A}"
EndProject
Project("{2150E333-8FDC-42A3-9474-1A3956D46DE8}") = "Data", "Data", "{29A3C488-5AA4-4F77-A7E3-1A3B1050D4D9}"
EndProject
Project("{9A19103F-16F7-4668-BE54-9A1E7A4F7556}") = "SanteDB.OrmLite", "santedb-orm\SanteDB.OrmLite\SanteDB.OrmLite.csproj", "{407C87E6-A1F3-45E6-B883-A8176B350817}"
	ProjectSection(ProjectDependencies) = postProject
		{F1A82A4F-4A57-47D7-AE76-444C8A4FF54A} = {F1A82A4F-4A57-47D7-AE76-444C8A4FF54A}
	EndProjectSection
EndProject
Project("{9A19103F-16F7-4668-BE54-9A1E7A4F7556}") = "SanteDB.BusinessRules.JavaScript", "santedb-bre-js\SanteDB.BusinessRules.JavaScript\SanteDB.BusinessRules.JavaScript.csproj", "{3BFD6EE6-0267-4D82-BE7D-9B48B2F6F3D4}"
	ProjectSection(ProjectDependencies) = postProject
		{F1A82A4F-4A57-47D7-AE76-444C8A4FF54A} = {F1A82A4F-4A57-47D7-AE76-444C8A4FF54A}
		{39E61451-F4FE-493D-B754-5F06EB284AAC} = {39E61451-F4FE-493D-B754-5F06EB284AAC}
		{3A45F695-47A2-464C-ACE6-BDABBFA39FBC} = {3A45F695-47A2-464C-ACE6-BDABBFA39FBC}
	EndProjectSection
EndProject
Project("{2150E333-8FDC-42A3-9474-1A3956D46DE8}") = "Business Rules", "Business Rules", "{2AFDEBED-1966-430B-B16A-34022FC93488}"
EndProject
Project("{FAE04EC0-301F-11D3-BF4B-00C04F79EFBC}") = "SanteDB.BusinessRules.JavaScript.Test", "santedb-bre-js\SanteDB.BusinessRules.JavaScript.Test\SanteDB.BusinessRules.JavaScript.Test.csproj", "{6AFCADBB-4505-43FD-A1BA-ED7DBC1BB232}"
EndProject
Project("{9A19103F-16F7-4668-BE54-9A1E7A4F7556}") = "SanteDB.Core.Applets", "santedb-applets\SanteDB.Core.Applets\SanteDB.Core.Applets.csproj", "{39E61451-F4FE-493D-B754-5F06EB284AAC}"
	ProjectSection(ProjectDependencies) = postProject
		{F1A82A4F-4A57-47D7-AE76-444C8A4FF54A} = {F1A82A4F-4A57-47D7-AE76-444C8A4FF54A}
		{3A45F695-47A2-464C-ACE6-BDABBFA39FBC} = {3A45F695-47A2-464C-ACE6-BDABBFA39FBC}
	EndProjectSection
EndProject
Project("{2150E333-8FDC-42A3-9474-1A3956D46DE8}") = "Applets", "Applets", "{74683729-B998-4C73-8C5F-AC59F6239539}"
EndProject
Project("{FAE04EC0-301F-11D3-BF4B-00C04F79EFBC}") = "SanteDB.Core.Applets.Test", "santedb-applets\SanteDB.Core.Applets.Test\SanteDB.Core.Applets.Test.csproj", "{F322715B-FBAD-4C8C-B523-AA723490C05E}"
EndProject
Project("{2150E333-8FDC-42A3-9474-1A3956D46DE8}") = "CDSS", "CDSS", "{01B1600D-D348-4EE9-B843-7AE758A8D119}"
EndProject
Project("{9A19103F-16F7-4668-BE54-9A1E7A4F7556}") = "SanteDB.Cdss.Xml", "santedb-cdss\SanteDB.Cdss.Xml\SanteDB.Cdss.Xml.csproj", "{CAD6BCB7-758B-4AA4-A5FE-A9FAB8A4CF2F}"
EndProject
Project("{FAE04EC0-301F-11D3-BF4B-00C04F79EFBC}") = "SanteDB.Cdss.Xml.Test", "santedb-cdss\SanteDB.Cdss.Xml.Test\SanteDB.Cdss.Xml.Test.csproj", "{F17BD798-699C-4558-AE75-F2AC97B52E86}"
EndProject
Project("{2150E333-8FDC-42A3-9474-1A3956D46DE8}") = "Clients", "Clients", "{9D9F8267-349B-49FA-A0D5-CAA8CE6A0D7C}"
EndProject
Project("{9A19103F-16F7-4668-BE54-9A1E7A4F7556}") = "SanteDB.Messaging.AMI.Client", "santedb-client\SanteDB.Messaging.AMI.Client\SanteDB.Messaging.AMI.Client.csproj", "{0FDBD4DB-30AE-4E1D-AAE1-5FE1370DCE3F}"
EndProject
Project("{9A19103F-16F7-4668-BE54-9A1E7A4F7556}") = "SanteDB.Messaging.HDSI.Client", "santedb-client\SanteDB.Messaging.HDSI.Client\SanteDB.Messaging.HDSI.Client.csproj", "{C222B929-6E9E-4B2E-A98E-CC23EE681047}"
EndProject
Project("{9A19103F-16F7-4668-BE54-9A1E7A4F7556}") = "SanteDB.Messaging.RISI.Client", "santedb-client\SanteDB.Messaging.RISI.Client\SanteDB.Messaging.RISI.Client.csproj", "{4F5D3E16-3FAB-4244-B3F0-98983E6C6F69}"
EndProject
Project("{2150E333-8FDC-42A3-9474-1A3956D46DE8}") = "Solution Items", "Solution Items", "{738AB900-B34F-41E4-B742-E2767831D1B7}"
	ProjectSection(SolutionItems) = preProject
		build-nuget.bat = build-nuget.bat
		cloneall.bat = cloneall.bat
		README.md = README.md
		submodule-init.bat = submodule-init.bat
		submodule-pull.bat = submodule-pull.bat
		submodule-push.bat = submodule-push.bat
	EndProjectSection
EndProject
Project("{9A19103F-16F7-4668-BE54-9A1E7A4F7556}") = "SanteDB.Core.Model.ViewModelSerializers", "santedb-restsvc\SanteDB.Core.Model.ViewModelSerializers\SanteDB.Core.Model.ViewModelSerializers.csproj", "{BD449FB5-95EA-47F1-8D01-575E8B6FEABF}"
EndProject
Project("{2150E333-8FDC-42A3-9474-1A3956D46DE8}") = "BI", "BI", "{7D187912-611D-43A5-9432-4BECEAEE6C9F}"
EndProject
Project("{9A19103F-16F7-4668-BE54-9A1E7A4F7556}") = "SanteDB.BI", "santedb-bis\SanteDB.BI\SanteDB.BI.csproj", "{217DDDBD-D64E-492C-947E-8DB35F524F1E}"
EndProject
Project("{9A19103F-16F7-4668-BE54-9A1E7A4F7556}") = "SanteDB.Rest.BIS", "santedb-bis\SanteDB.Rest.BIS\SanteDB.Rest.BIS.csproj", "{200AC0CB-EBBF-4FDE-81D0-447CDFFFA2F7}"
EndProject
Project("{9A19103F-16F7-4668-BE54-9A1E7A4F7556}") = "SanteDB.Rest.Common", "santedb-restsvc\SanteDB.Rest.Common\SanteDB.Rest.Common.csproj", "{8BF92B57-D7FC-4D6E-8DF5-3D3795956BE5}"
EndProject
Project("{9A19103F-16F7-4668-BE54-9A1E7A4F7556}") = "SanteDB.Rest.HDSI", "santedb-restsvc\SanteDB.Rest.HDSI\SanteDB.Rest.HDSI.csproj", "{A79C7AFA-518A-4099-90E9-5E1D0AFB1367}"
EndProject
Project("{9A19103F-16F7-4668-BE54-9A1E7A4F7556}") = "SanteDB.Core.Model.AMI", "santedb-restsvc\SanteDB.Core.Model.AMI\SanteDB.Core.Model.AMI.csproj", "{06723F97-7069-402C-8EA3-B6BA4F95F69E}"
EndProject
Project("{9A19103F-16F7-4668-BE54-9A1E7A4F7556}") = "SanteDB.Core.Model.RISI", "santedb-restsvc\SanteDB.Core.Model.RISI\SanteDB.Core.Model.RISI.csproj", "{068EB68E-98EE-49ED-8D4F-CAE9DB976EEA}"
EndProject
Project("{9A19103F-16F7-4668-BE54-9A1E7A4F7556}") = "SanteDB.Rest.AMI", "santedb-restsvc\SanteDB.Rest.AMI\SanteDB.Rest.AMI.csproj", "{380CA951-8D28-4C76-A7BF-43A83A96381F}"
EndProject
Project("{9A19103F-16F7-4668-BE54-9A1E7A4F7556}") = "RestSrvr", "restsrvr\RestSrvr\RestSrvr.csproj", "{16EF1840-0361-439D-806C-92D0411122EB}"
EndProject
Project("{FAE04EC0-301F-11D3-BF4B-00C04F79EFBC}") = "TestServer", "restsrvr\TestServer\TestServer.csproj", "{AA0CDC72-524A-40C4-9E60-B07A5F3FA5C3}"
EndProject
Project("{2150E333-8FDC-42A3-9474-1A3956D46DE8}") = "REST", "REST", "{626417C5-495B-49D6-B611-CBC356E58A49}"
EndProject
Project("{2150E333-8FDC-42A3-9474-1A3956D46DE8}") = "Matching", "Matching", "{30A9C7D0-7A32-42D9-9058-D3DB60451A8C}"
EndProject
Project("{9A19103F-16F7-4668-BE54-9A1E7A4F7556}") = "SanteDB.Matcher", "santedb-match\SanteDB.Matcher\SanteDB.Matcher.csproj", "{AFF49D00-EBF6-4F1C-AF21-9173F674DAF8}"
EndProject
Project("{2150E333-8FDC-42A3-9474-1A3956D46DE8}") = "DisconnectedApi", "DisconnectedApi", "{7BB6E1B6-F67A-46BD-A1F6-9D801FC3D58C}"
EndProject
Project("{9A19103F-16F7-4668-BE54-9A1E7A4F7556}") = "SanteDB.DisconnectedClient.Core", "santedb-dc-core\SanteDB.DisconnectedClient.Core\SanteDB.DisconnectedClient.Core.csproj", "{554DF209-7744-433F-993A-783E2A2803EF}"
EndProject
Project("{9A19103F-16F7-4668-BE54-9A1E7A4F7556}") = "SanteDB.DisconnectedClient.Ags", "santedb-dc-core\SanteDB.DisconnectedClient.Ags\SanteDB.DisconnectedClient.Ags.csproj", "{EDCD4511-B016-48EE-BD73-491A6B6687E6}"
EndProject
Project("{9A19103F-16F7-4668-BE54-9A1E7A4F7556}") = "SanteDB.DisconnectedClient.SQLite", "santedb-dc-core\SanteDB.DisconnectedClient.Core.SQLite\SanteDB.DisconnectedClient.SQLite.csproj", "{406D064D-78B4-467F-86C6-B3E2F12C0A65}"
EndProject
Project("{9A19103F-16F7-4668-BE54-9A1E7A4F7556}") = "SanteDB.DisconnectedClient.i18n", "santedb-dc-core\SanteDB.DisconnectedClient.i18n\SanteDB.DisconnectedClient.i18n.csproj", "{4A16BBDF-64EB-4CDE-97AA-B18C9A44CBB6}"
EndProject
Project("{9A19103F-16F7-4668-BE54-9A1E7A4F7556}") = "SanteDB.DisconnectedClient.UI", "santedb-dc-core\SanteDB.DisconnectedClient.UI\SanteDB.DisconnectedClient.UI.csproj", "{35ECF662-93CA-413E-9165-98D252E95B41}"
EndProject
Project("{FAE04EC0-301F-11D3-BF4B-00C04F79EFBC}") = "SanteDB.Matcher.Test", "santedb-match\SanteDB.Matcher.Test\SanteDB.Matcher.Test.csproj", "{E210AD94-8006-4F32-A86D-198CB2D8A9CE}"
EndProject
Project("{FAE04EC0-301F-11D3-BF4B-00C04F79EFBC}") = "SanteDB.BI.Test", "santedb-bis\SanteDB.BI.Test\SanteDB.BI.Test.csproj", "{0E614226-EA3F-454C-BB7D-B26D2DD1E92A}"
EndProject
Global
	GlobalSection(SolutionConfigurationPlatforms) = preSolution
		Debug|Any CPU = Debug|Any CPU
		MacDebug|Any CPU = MacDebug|Any CPU
		MacRelease|Any CPU = MacRelease|Any CPU
		Release|Any CPU = Release|Any CPU
		SanteDBDebug|Any CPU = SanteDBDebug|Any CPU
		SanteDBRelease|Any CPU = SanteDBRelease|Any CPU
		SignedRelease|Any CPU = SignedRelease|Any CPU
	EndGlobalSection
	GlobalSection(ProjectConfigurationPlatforms) = postSolution
		{3A45F695-47A2-464C-ACE6-BDABBFA39FBC}.Debug|Any CPU.ActiveCfg = Debug|Any CPU
		{3A45F695-47A2-464C-ACE6-BDABBFA39FBC}.Debug|Any CPU.Build.0 = Debug|Any CPU
		{3A45F695-47A2-464C-ACE6-BDABBFA39FBC}.MacDebug|Any CPU.ActiveCfg = Debug|Any CPU
		{3A45F695-47A2-464C-ACE6-BDABBFA39FBC}.MacDebug|Any CPU.Build.0 = Debug|Any CPU
		{3A45F695-47A2-464C-ACE6-BDABBFA39FBC}.MacRelease|Any CPU.ActiveCfg = Release|Any CPU
		{3A45F695-47A2-464C-ACE6-BDABBFA39FBC}.MacRelease|Any CPU.Build.0 = Release|Any CPU
		{3A45F695-47A2-464C-ACE6-BDABBFA39FBC}.Release|Any CPU.ActiveCfg = Release|Any CPU
		{3A45F695-47A2-464C-ACE6-BDABBFA39FBC}.Release|Any CPU.Build.0 = Release|Any CPU
		{3A45F695-47A2-464C-ACE6-BDABBFA39FBC}.SanteDBDebug|Any CPU.ActiveCfg = Debug|Any CPU
		{3A45F695-47A2-464C-ACE6-BDABBFA39FBC}.SanteDBDebug|Any CPU.Build.0 = Debug|Any CPU
		{3A45F695-47A2-464C-ACE6-BDABBFA39FBC}.SanteDBRelease|Any CPU.ActiveCfg = Release|Any CPU
		{3A45F695-47A2-464C-ACE6-BDABBFA39FBC}.SanteDBRelease|Any CPU.Build.0 = Release|Any CPU
		{3A45F695-47A2-464C-ACE6-BDABBFA39FBC}.SignedRelease|Any CPU.ActiveCfg = Release|Any CPU
		{3A45F695-47A2-464C-ACE6-BDABBFA39FBC}.SignedRelease|Any CPU.Build.0 = Release|Any CPU
		{59B5E3BE-790E-451F-BACA-631369CF535C}.Debug|Any CPU.ActiveCfg = Debug|Any CPU
		{59B5E3BE-790E-451F-BACA-631369CF535C}.Debug|Any CPU.Build.0 = Debug|Any CPU
		{59B5E3BE-790E-451F-BACA-631369CF535C}.MacDebug|Any CPU.ActiveCfg = Debug|Any CPU
		{59B5E3BE-790E-451F-BACA-631369CF535C}.MacDebug|Any CPU.Build.0 = Debug|Any CPU
		{59B5E3BE-790E-451F-BACA-631369CF535C}.MacRelease|Any CPU.ActiveCfg = Release|Any CPU
		{59B5E3BE-790E-451F-BACA-631369CF535C}.MacRelease|Any CPU.Build.0 = Release|Any CPU
		{59B5E3BE-790E-451F-BACA-631369CF535C}.Release|Any CPU.ActiveCfg = Release|Any CPU
		{59B5E3BE-790E-451F-BACA-631369CF535C}.Release|Any CPU.Build.0 = Release|Any CPU
		{59B5E3BE-790E-451F-BACA-631369CF535C}.SanteDBDebug|Any CPU.ActiveCfg = Debug|Any CPU
		{59B5E3BE-790E-451F-BACA-631369CF535C}.SanteDBDebug|Any CPU.Build.0 = Debug|Any CPU
		{59B5E3BE-790E-451F-BACA-631369CF535C}.SanteDBRelease|Any CPU.ActiveCfg = Release|Any CPU
		{59B5E3BE-790E-451F-BACA-631369CF535C}.SanteDBRelease|Any CPU.Build.0 = Release|Any CPU
		{59B5E3BE-790E-451F-BACA-631369CF535C}.SignedRelease|Any CPU.ActiveCfg = Release|Any CPU
		{59B5E3BE-790E-451F-BACA-631369CF535C}.SignedRelease|Any CPU.Build.0 = Release|Any CPU
		{F1A82A4F-4A57-47D7-AE76-444C8A4FF54A}.Debug|Any CPU.ActiveCfg = Debug|Any CPU
		{F1A82A4F-4A57-47D7-AE76-444C8A4FF54A}.Debug|Any CPU.Build.0 = Debug|Any CPU
		{F1A82A4F-4A57-47D7-AE76-444C8A4FF54A}.MacDebug|Any CPU.ActiveCfg = Debug|Any CPU
		{F1A82A4F-4A57-47D7-AE76-444C8A4FF54A}.MacDebug|Any CPU.Build.0 = Debug|Any CPU
		{F1A82A4F-4A57-47D7-AE76-444C8A4FF54A}.MacRelease|Any CPU.ActiveCfg = Release|Any CPU
		{F1A82A4F-4A57-47D7-AE76-444C8A4FF54A}.MacRelease|Any CPU.Build.0 = Release|Any CPU
		{F1A82A4F-4A57-47D7-AE76-444C8A4FF54A}.Release|Any CPU.ActiveCfg = Release|Any CPU
		{F1A82A4F-4A57-47D7-AE76-444C8A4FF54A}.Release|Any CPU.Build.0 = Release|Any CPU
		{F1A82A4F-4A57-47D7-AE76-444C8A4FF54A}.SanteDBDebug|Any CPU.ActiveCfg = Debug|Any CPU
		{F1A82A4F-4A57-47D7-AE76-444C8A4FF54A}.SanteDBDebug|Any CPU.Build.0 = Debug|Any CPU
		{F1A82A4F-4A57-47D7-AE76-444C8A4FF54A}.SanteDBRelease|Any CPU.ActiveCfg = Release|Any CPU
		{F1A82A4F-4A57-47D7-AE76-444C8A4FF54A}.SanteDBRelease|Any CPU.Build.0 = Release|Any CPU
		{F1A82A4F-4A57-47D7-AE76-444C8A4FF54A}.SignedRelease|Any CPU.ActiveCfg = Release|Any CPU
		{F1A82A4F-4A57-47D7-AE76-444C8A4FF54A}.SignedRelease|Any CPU.Build.0 = Release|Any CPU
		{407C87E6-A1F3-45E6-B883-A8176B350817}.Debug|Any CPU.ActiveCfg = Debug|Any CPU
		{407C87E6-A1F3-45E6-B883-A8176B350817}.Debug|Any CPU.Build.0 = Debug|Any CPU
		{407C87E6-A1F3-45E6-B883-A8176B350817}.MacDebug|Any CPU.ActiveCfg = Debug|Any CPU
		{407C87E6-A1F3-45E6-B883-A8176B350817}.MacDebug|Any CPU.Build.0 = Debug|Any CPU
		{407C87E6-A1F3-45E6-B883-A8176B350817}.MacRelease|Any CPU.ActiveCfg = Release|Any CPU
		{407C87E6-A1F3-45E6-B883-A8176B350817}.MacRelease|Any CPU.Build.0 = Release|Any CPU
		{407C87E6-A1F3-45E6-B883-A8176B350817}.Release|Any CPU.ActiveCfg = Release|Any CPU
		{407C87E6-A1F3-45E6-B883-A8176B350817}.Release|Any CPU.Build.0 = Release|Any CPU
		{407C87E6-A1F3-45E6-B883-A8176B350817}.SanteDBDebug|Any CPU.ActiveCfg = Debug|Any CPU
		{407C87E6-A1F3-45E6-B883-A8176B350817}.SanteDBDebug|Any CPU.Build.0 = Debug|Any CPU
		{407C87E6-A1F3-45E6-B883-A8176B350817}.SanteDBRelease|Any CPU.ActiveCfg = Release|Any CPU
		{407C87E6-A1F3-45E6-B883-A8176B350817}.SanteDBRelease|Any CPU.Build.0 = Release|Any CPU
		{407C87E6-A1F3-45E6-B883-A8176B350817}.SignedRelease|Any CPU.ActiveCfg = Release|Any CPU
		{407C87E6-A1F3-45E6-B883-A8176B350817}.SignedRelease|Any CPU.Build.0 = Release|Any CPU
		{3BFD6EE6-0267-4D82-BE7D-9B48B2F6F3D4}.Debug|Any CPU.ActiveCfg = Debug|Any CPU
		{3BFD6EE6-0267-4D82-BE7D-9B48B2F6F3D4}.Debug|Any CPU.Build.0 = Debug|Any CPU
		{3BFD6EE6-0267-4D82-BE7D-9B48B2F6F3D4}.MacDebug|Any CPU.ActiveCfg = Debug|Any CPU
		{3BFD6EE6-0267-4D82-BE7D-9B48B2F6F3D4}.MacDebug|Any CPU.Build.0 = Debug|Any CPU
		{3BFD6EE6-0267-4D82-BE7D-9B48B2F6F3D4}.MacRelease|Any CPU.ActiveCfg = Release|Any CPU
		{3BFD6EE6-0267-4D82-BE7D-9B48B2F6F3D4}.MacRelease|Any CPU.Build.0 = Release|Any CPU
		{3BFD6EE6-0267-4D82-BE7D-9B48B2F6F3D4}.Release|Any CPU.ActiveCfg = Release|Any CPU
		{3BFD6EE6-0267-4D82-BE7D-9B48B2F6F3D4}.Release|Any CPU.Build.0 = Release|Any CPU
		{3BFD6EE6-0267-4D82-BE7D-9B48B2F6F3D4}.SanteDBDebug|Any CPU.ActiveCfg = Debug|Any CPU
		{3BFD6EE6-0267-4D82-BE7D-9B48B2F6F3D4}.SanteDBDebug|Any CPU.Build.0 = Debug|Any CPU
		{3BFD6EE6-0267-4D82-BE7D-9B48B2F6F3D4}.SanteDBRelease|Any CPU.ActiveCfg = Release|Any CPU
		{3BFD6EE6-0267-4D82-BE7D-9B48B2F6F3D4}.SanteDBRelease|Any CPU.Build.0 = Release|Any CPU
		{3BFD6EE6-0267-4D82-BE7D-9B48B2F6F3D4}.SignedRelease|Any CPU.ActiveCfg = Release|Any CPU
		{3BFD6EE6-0267-4D82-BE7D-9B48B2F6F3D4}.SignedRelease|Any CPU.Build.0 = Release|Any CPU
		{6AFCADBB-4505-43FD-A1BA-ED7DBC1BB232}.Debug|Any CPU.ActiveCfg = Debug|Any CPU
		{6AFCADBB-4505-43FD-A1BA-ED7DBC1BB232}.Debug|Any CPU.Build.0 = Debug|Any CPU
		{6AFCADBB-4505-43FD-A1BA-ED7DBC1BB232}.MacDebug|Any CPU.ActiveCfg = Debug|Any CPU
		{6AFCADBB-4505-43FD-A1BA-ED7DBC1BB232}.MacDebug|Any CPU.Build.0 = Debug|Any CPU
		{6AFCADBB-4505-43FD-A1BA-ED7DBC1BB232}.MacRelease|Any CPU.ActiveCfg = Release|Any CPU
		{6AFCADBB-4505-43FD-A1BA-ED7DBC1BB232}.MacRelease|Any CPU.Build.0 = Release|Any CPU
		{6AFCADBB-4505-43FD-A1BA-ED7DBC1BB232}.Release|Any CPU.ActiveCfg = Release|Any CPU
		{6AFCADBB-4505-43FD-A1BA-ED7DBC1BB232}.Release|Any CPU.Build.0 = Release|Any CPU
		{6AFCADBB-4505-43FD-A1BA-ED7DBC1BB232}.SanteDBDebug|Any CPU.ActiveCfg = Debug|Any CPU
		{6AFCADBB-4505-43FD-A1BA-ED7DBC1BB232}.SanteDBDebug|Any CPU.Build.0 = Debug|Any CPU
		{6AFCADBB-4505-43FD-A1BA-ED7DBC1BB232}.SanteDBRelease|Any CPU.ActiveCfg = Release|Any CPU
		{6AFCADBB-4505-43FD-A1BA-ED7DBC1BB232}.SanteDBRelease|Any CPU.Build.0 = Release|Any CPU
		{6AFCADBB-4505-43FD-A1BA-ED7DBC1BB232}.SignedRelease|Any CPU.ActiveCfg = Release|Any CPU
		{6AFCADBB-4505-43FD-A1BA-ED7DBC1BB232}.SignedRelease|Any CPU.Build.0 = Release|Any CPU
		{39E61451-F4FE-493D-B754-5F06EB284AAC}.Debug|Any CPU.ActiveCfg = Debug|Any CPU
		{39E61451-F4FE-493D-B754-5F06EB284AAC}.Debug|Any CPU.Build.0 = Debug|Any CPU
		{39E61451-F4FE-493D-B754-5F06EB284AAC}.MacDebug|Any CPU.ActiveCfg = Debug|Any CPU
		{39E61451-F4FE-493D-B754-5F06EB284AAC}.MacDebug|Any CPU.Build.0 = Debug|Any CPU
		{39E61451-F4FE-493D-B754-5F06EB284AAC}.MacRelease|Any CPU.ActiveCfg = Release|Any CPU
		{39E61451-F4FE-493D-B754-5F06EB284AAC}.MacRelease|Any CPU.Build.0 = Release|Any CPU
		{39E61451-F4FE-493D-B754-5F06EB284AAC}.Release|Any CPU.ActiveCfg = Release|Any CPU
		{39E61451-F4FE-493D-B754-5F06EB284AAC}.Release|Any CPU.Build.0 = Release|Any CPU
		{39E61451-F4FE-493D-B754-5F06EB284AAC}.SanteDBDebug|Any CPU.ActiveCfg = Debug|Any CPU
		{39E61451-F4FE-493D-B754-5F06EB284AAC}.SanteDBDebug|Any CPU.Build.0 = Debug|Any CPU
		{39E61451-F4FE-493D-B754-5F06EB284AAC}.SanteDBRelease|Any CPU.ActiveCfg = Release|Any CPU
		{39E61451-F4FE-493D-B754-5F06EB284AAC}.SanteDBRelease|Any CPU.Build.0 = Release|Any CPU
		{39E61451-F4FE-493D-B754-5F06EB284AAC}.SignedRelease|Any CPU.ActiveCfg = Release|Any CPU
		{39E61451-F4FE-493D-B754-5F06EB284AAC}.SignedRelease|Any CPU.Build.0 = Release|Any CPU
		{F322715B-FBAD-4C8C-B523-AA723490C05E}.Debug|Any CPU.ActiveCfg = Debug|Any CPU
		{F322715B-FBAD-4C8C-B523-AA723490C05E}.Debug|Any CPU.Build.0 = Debug|Any CPU
		{F322715B-FBAD-4C8C-B523-AA723490C05E}.MacDebug|Any CPU.ActiveCfg = Debug|Any CPU
		{F322715B-FBAD-4C8C-B523-AA723490C05E}.MacDebug|Any CPU.Build.0 = Debug|Any CPU
		{F322715B-FBAD-4C8C-B523-AA723490C05E}.MacRelease|Any CPU.ActiveCfg = Release|Any CPU
		{F322715B-FBAD-4C8C-B523-AA723490C05E}.MacRelease|Any CPU.Build.0 = Release|Any CPU
		{F322715B-FBAD-4C8C-B523-AA723490C05E}.Release|Any CPU.ActiveCfg = Release|Any CPU
		{F322715B-FBAD-4C8C-B523-AA723490C05E}.Release|Any CPU.Build.0 = Release|Any CPU
		{F322715B-FBAD-4C8C-B523-AA723490C05E}.SanteDBDebug|Any CPU.ActiveCfg = Debug|Any CPU
		{F322715B-FBAD-4C8C-B523-AA723490C05E}.SanteDBDebug|Any CPU.Build.0 = Debug|Any CPU
		{F322715B-FBAD-4C8C-B523-AA723490C05E}.SanteDBRelease|Any CPU.ActiveCfg = Release|Any CPU
		{F322715B-FBAD-4C8C-B523-AA723490C05E}.SanteDBRelease|Any CPU.Build.0 = Release|Any CPU
		{F322715B-FBAD-4C8C-B523-AA723490C05E}.SignedRelease|Any CPU.ActiveCfg = Release|Any CPU
		{F322715B-FBAD-4C8C-B523-AA723490C05E}.SignedRelease|Any CPU.Build.0 = Release|Any CPU
		{CAD6BCB7-758B-4AA4-A5FE-A9FAB8A4CF2F}.Debug|Any CPU.ActiveCfg = Debug|Any CPU
		{CAD6BCB7-758B-4AA4-A5FE-A9FAB8A4CF2F}.Debug|Any CPU.Build.0 = Debug|Any CPU
		{CAD6BCB7-758B-4AA4-A5FE-A9FAB8A4CF2F}.MacDebug|Any CPU.ActiveCfg = Debug|Any CPU
		{CAD6BCB7-758B-4AA4-A5FE-A9FAB8A4CF2F}.MacDebug|Any CPU.Build.0 = Debug|Any CPU
		{CAD6BCB7-758B-4AA4-A5FE-A9FAB8A4CF2F}.MacRelease|Any CPU.ActiveCfg = Release|Any CPU
		{CAD6BCB7-758B-4AA4-A5FE-A9FAB8A4CF2F}.MacRelease|Any CPU.Build.0 = Release|Any CPU
		{CAD6BCB7-758B-4AA4-A5FE-A9FAB8A4CF2F}.Release|Any CPU.ActiveCfg = Release|Any CPU
		{CAD6BCB7-758B-4AA4-A5FE-A9FAB8A4CF2F}.Release|Any CPU.Build.0 = Release|Any CPU
		{CAD6BCB7-758B-4AA4-A5FE-A9FAB8A4CF2F}.SanteDBDebug|Any CPU.ActiveCfg = Debug|Any CPU
		{CAD6BCB7-758B-4AA4-A5FE-A9FAB8A4CF2F}.SanteDBDebug|Any CPU.Build.0 = Debug|Any CPU
		{CAD6BCB7-758B-4AA4-A5FE-A9FAB8A4CF2F}.SanteDBRelease|Any CPU.ActiveCfg = Release|Any CPU
		{CAD6BCB7-758B-4AA4-A5FE-A9FAB8A4CF2F}.SanteDBRelease|Any CPU.Build.0 = Release|Any CPU
		{CAD6BCB7-758B-4AA4-A5FE-A9FAB8A4CF2F}.SignedRelease|Any CPU.ActiveCfg = Release|Any CPU
		{CAD6BCB7-758B-4AA4-A5FE-A9FAB8A4CF2F}.SignedRelease|Any CPU.Build.0 = Release|Any CPU
		{F17BD798-699C-4558-AE75-F2AC97B52E86}.Debug|Any CPU.ActiveCfg = Debug|Any CPU
		{F17BD798-699C-4558-AE75-F2AC97B52E86}.Debug|Any CPU.Build.0 = Debug|Any CPU
		{F17BD798-699C-4558-AE75-F2AC97B52E86}.MacDebug|Any CPU.ActiveCfg = Debug|Any CPU
		{F17BD798-699C-4558-AE75-F2AC97B52E86}.MacDebug|Any CPU.Build.0 = Debug|Any CPU
		{F17BD798-699C-4558-AE75-F2AC97B52E86}.MacRelease|Any CPU.ActiveCfg = Release|Any CPU
		{F17BD798-699C-4558-AE75-F2AC97B52E86}.MacRelease|Any CPU.Build.0 = Release|Any CPU
		{F17BD798-699C-4558-AE75-F2AC97B52E86}.Release|Any CPU.ActiveCfg = Release|Any CPU
		{F17BD798-699C-4558-AE75-F2AC97B52E86}.Release|Any CPU.Build.0 = Release|Any CPU
		{F17BD798-699C-4558-AE75-F2AC97B52E86}.SanteDBDebug|Any CPU.ActiveCfg = Debug|Any CPU
		{F17BD798-699C-4558-AE75-F2AC97B52E86}.SanteDBDebug|Any CPU.Build.0 = Debug|Any CPU
		{F17BD798-699C-4558-AE75-F2AC97B52E86}.SanteDBRelease|Any CPU.ActiveCfg = Release|Any CPU
		{F17BD798-699C-4558-AE75-F2AC97B52E86}.SanteDBRelease|Any CPU.Build.0 = Release|Any CPU
		{F17BD798-699C-4558-AE75-F2AC97B52E86}.SignedRelease|Any CPU.ActiveCfg = Release|Any CPU
		{F17BD798-699C-4558-AE75-F2AC97B52E86}.SignedRelease|Any CPU.Build.0 = Release|Any CPU
		{0FDBD4DB-30AE-4E1D-AAE1-5FE1370DCE3F}.Debug|Any CPU.ActiveCfg = Debug|Any CPU
		{0FDBD4DB-30AE-4E1D-AAE1-5FE1370DCE3F}.Debug|Any CPU.Build.0 = Debug|Any CPU
		{0FDBD4DB-30AE-4E1D-AAE1-5FE1370DCE3F}.MacDebug|Any CPU.ActiveCfg = Debug|Any CPU
		{0FDBD4DB-30AE-4E1D-AAE1-5FE1370DCE3F}.MacDebug|Any CPU.Build.0 = Debug|Any CPU
		{0FDBD4DB-30AE-4E1D-AAE1-5FE1370DCE3F}.MacRelease|Any CPU.ActiveCfg = Release|Any CPU
		{0FDBD4DB-30AE-4E1D-AAE1-5FE1370DCE3F}.MacRelease|Any CPU.Build.0 = Release|Any CPU
		{0FDBD4DB-30AE-4E1D-AAE1-5FE1370DCE3F}.Release|Any CPU.ActiveCfg = Release|Any CPU
		{0FDBD4DB-30AE-4E1D-AAE1-5FE1370DCE3F}.Release|Any CPU.Build.0 = Release|Any CPU
		{0FDBD4DB-30AE-4E1D-AAE1-5FE1370DCE3F}.SanteDBDebug|Any CPU.ActiveCfg = Debug|Any CPU
		{0FDBD4DB-30AE-4E1D-AAE1-5FE1370DCE3F}.SanteDBDebug|Any CPU.Build.0 = Debug|Any CPU
		{0FDBD4DB-30AE-4E1D-AAE1-5FE1370DCE3F}.SanteDBRelease|Any CPU.ActiveCfg = Release|Any CPU
		{0FDBD4DB-30AE-4E1D-AAE1-5FE1370DCE3F}.SanteDBRelease|Any CPU.Build.0 = Release|Any CPU
		{0FDBD4DB-30AE-4E1D-AAE1-5FE1370DCE3F}.SignedRelease|Any CPU.ActiveCfg = Release|Any CPU
		{0FDBD4DB-30AE-4E1D-AAE1-5FE1370DCE3F}.SignedRelease|Any CPU.Build.0 = Release|Any CPU
		{C222B929-6E9E-4B2E-A98E-CC23EE681047}.Debug|Any CPU.ActiveCfg = Debug|Any CPU
		{C222B929-6E9E-4B2E-A98E-CC23EE681047}.Debug|Any CPU.Build.0 = Debug|Any CPU
		{C222B929-6E9E-4B2E-A98E-CC23EE681047}.MacDebug|Any CPU.ActiveCfg = Debug|Any CPU
		{C222B929-6E9E-4B2E-A98E-CC23EE681047}.MacDebug|Any CPU.Build.0 = Debug|Any CPU
		{C222B929-6E9E-4B2E-A98E-CC23EE681047}.MacRelease|Any CPU.ActiveCfg = Release|Any CPU
		{C222B929-6E9E-4B2E-A98E-CC23EE681047}.MacRelease|Any CPU.Build.0 = Release|Any CPU
		{C222B929-6E9E-4B2E-A98E-CC23EE681047}.Release|Any CPU.ActiveCfg = Release|Any CPU
		{C222B929-6E9E-4B2E-A98E-CC23EE681047}.Release|Any CPU.Build.0 = Release|Any CPU
		{C222B929-6E9E-4B2E-A98E-CC23EE681047}.SanteDBDebug|Any CPU.ActiveCfg = Debug|Any CPU
		{C222B929-6E9E-4B2E-A98E-CC23EE681047}.SanteDBDebug|Any CPU.Build.0 = Debug|Any CPU
		{C222B929-6E9E-4B2E-A98E-CC23EE681047}.SanteDBRelease|Any CPU.ActiveCfg = Release|Any CPU
		{C222B929-6E9E-4B2E-A98E-CC23EE681047}.SanteDBRelease|Any CPU.Build.0 = Release|Any CPU
		{C222B929-6E9E-4B2E-A98E-CC23EE681047}.SignedRelease|Any CPU.ActiveCfg = Release|Any CPU
		{C222B929-6E9E-4B2E-A98E-CC23EE681047}.SignedRelease|Any CPU.Build.0 = Release|Any CPU
		{4F5D3E16-3FAB-4244-B3F0-98983E6C6F69}.Debug|Any CPU.ActiveCfg = Debug|Any CPU
		{4F5D3E16-3FAB-4244-B3F0-98983E6C6F69}.Debug|Any CPU.Build.0 = Debug|Any CPU
		{4F5D3E16-3FAB-4244-B3F0-98983E6C6F69}.MacDebug|Any CPU.ActiveCfg = Debug|Any CPU
		{4F5D3E16-3FAB-4244-B3F0-98983E6C6F69}.MacDebug|Any CPU.Build.0 = Debug|Any CPU
		{4F5D3E16-3FAB-4244-B3F0-98983E6C6F69}.MacRelease|Any CPU.ActiveCfg = Release|Any CPU
		{4F5D3E16-3FAB-4244-B3F0-98983E6C6F69}.MacRelease|Any CPU.Build.0 = Release|Any CPU
		{4F5D3E16-3FAB-4244-B3F0-98983E6C6F69}.Release|Any CPU.ActiveCfg = Release|Any CPU
		{4F5D3E16-3FAB-4244-B3F0-98983E6C6F69}.Release|Any CPU.Build.0 = Release|Any CPU
		{4F5D3E16-3FAB-4244-B3F0-98983E6C6F69}.SanteDBDebug|Any CPU.ActiveCfg = Debug|Any CPU
		{4F5D3E16-3FAB-4244-B3F0-98983E6C6F69}.SanteDBDebug|Any CPU.Build.0 = Debug|Any CPU
		{4F5D3E16-3FAB-4244-B3F0-98983E6C6F69}.SanteDBRelease|Any CPU.ActiveCfg = Release|Any CPU
		{4F5D3E16-3FAB-4244-B3F0-98983E6C6F69}.SanteDBRelease|Any CPU.Build.0 = Release|Any CPU
		{4F5D3E16-3FAB-4244-B3F0-98983E6C6F69}.SignedRelease|Any CPU.ActiveCfg = Release|Any CPU
		{4F5D3E16-3FAB-4244-B3F0-98983E6C6F69}.SignedRelease|Any CPU.Build.0 = Release|Any CPU
		{BD449FB5-95EA-47F1-8D01-575E8B6FEABF}.Debug|Any CPU.ActiveCfg = Debug|Any CPU
		{BD449FB5-95EA-47F1-8D01-575E8B6FEABF}.Debug|Any CPU.Build.0 = Debug|Any CPU
		{BD449FB5-95EA-47F1-8D01-575E8B6FEABF}.MacDebug|Any CPU.ActiveCfg = Debug|Any CPU
		{BD449FB5-95EA-47F1-8D01-575E8B6FEABF}.MacDebug|Any CPU.Build.0 = Debug|Any CPU
		{BD449FB5-95EA-47F1-8D01-575E8B6FEABF}.MacRelease|Any CPU.ActiveCfg = Release|Any CPU
		{BD449FB5-95EA-47F1-8D01-575E8B6FEABF}.MacRelease|Any CPU.Build.0 = Release|Any CPU
		{BD449FB5-95EA-47F1-8D01-575E8B6FEABF}.Release|Any CPU.ActiveCfg = Release|Any CPU
		{BD449FB5-95EA-47F1-8D01-575E8B6FEABF}.Release|Any CPU.Build.0 = Release|Any CPU
		{BD449FB5-95EA-47F1-8D01-575E8B6FEABF}.SanteDBDebug|Any CPU.ActiveCfg = Debug|Any CPU
		{BD449FB5-95EA-47F1-8D01-575E8B6FEABF}.SanteDBDebug|Any CPU.Build.0 = Debug|Any CPU
		{BD449FB5-95EA-47F1-8D01-575E8B6FEABF}.SanteDBRelease|Any CPU.ActiveCfg = Release|Any CPU
		{BD449FB5-95EA-47F1-8D01-575E8B6FEABF}.SanteDBRelease|Any CPU.Build.0 = Release|Any CPU
		{BD449FB5-95EA-47F1-8D01-575E8B6FEABF}.SignedRelease|Any CPU.ActiveCfg = Release|Any CPU
		{BD449FB5-95EA-47F1-8D01-575E8B6FEABF}.SignedRelease|Any CPU.Build.0 = Release|Any CPU
		{217DDDBD-D64E-492C-947E-8DB35F524F1E}.Debug|Any CPU.ActiveCfg = Debug|Any CPU
		{217DDDBD-D64E-492C-947E-8DB35F524F1E}.Debug|Any CPU.Build.0 = Debug|Any CPU
		{217DDDBD-D64E-492C-947E-8DB35F524F1E}.MacDebug|Any CPU.ActiveCfg = Debug|Any CPU
		{217DDDBD-D64E-492C-947E-8DB35F524F1E}.MacDebug|Any CPU.Build.0 = Debug|Any CPU
		{217DDDBD-D64E-492C-947E-8DB35F524F1E}.MacRelease|Any CPU.ActiveCfg = Release|Any CPU
		{217DDDBD-D64E-492C-947E-8DB35F524F1E}.MacRelease|Any CPU.Build.0 = Release|Any CPU
		{217DDDBD-D64E-492C-947E-8DB35F524F1E}.Release|Any CPU.ActiveCfg = Release|Any CPU
		{217DDDBD-D64E-492C-947E-8DB35F524F1E}.Release|Any CPU.Build.0 = Release|Any CPU
		{217DDDBD-D64E-492C-947E-8DB35F524F1E}.SanteDBDebug|Any CPU.ActiveCfg = Debug|Any CPU
		{217DDDBD-D64E-492C-947E-8DB35F524F1E}.SanteDBDebug|Any CPU.Build.0 = Debug|Any CPU
		{217DDDBD-D64E-492C-947E-8DB35F524F1E}.SanteDBRelease|Any CPU.ActiveCfg = Release|Any CPU
		{217DDDBD-D64E-492C-947E-8DB35F524F1E}.SanteDBRelease|Any CPU.Build.0 = Release|Any CPU
		{217DDDBD-D64E-492C-947E-8DB35F524F1E}.SignedRelease|Any CPU.ActiveCfg = Release|Any CPU
		{217DDDBD-D64E-492C-947E-8DB35F524F1E}.SignedRelease|Any CPU.Build.0 = Release|Any CPU
		{200AC0CB-EBBF-4FDE-81D0-447CDFFFA2F7}.Debug|Any CPU.ActiveCfg = Debug|Any CPU
		{200AC0CB-EBBF-4FDE-81D0-447CDFFFA2F7}.Debug|Any CPU.Build.0 = Debug|Any CPU
		{200AC0CB-EBBF-4FDE-81D0-447CDFFFA2F7}.MacDebug|Any CPU.ActiveCfg = Debug|Any CPU
		{200AC0CB-EBBF-4FDE-81D0-447CDFFFA2F7}.MacDebug|Any CPU.Build.0 = Debug|Any CPU
		{200AC0CB-EBBF-4FDE-81D0-447CDFFFA2F7}.MacRelease|Any CPU.ActiveCfg = Release|Any CPU
		{200AC0CB-EBBF-4FDE-81D0-447CDFFFA2F7}.MacRelease|Any CPU.Build.0 = Release|Any CPU
		{200AC0CB-EBBF-4FDE-81D0-447CDFFFA2F7}.Release|Any CPU.ActiveCfg = Release|Any CPU
		{200AC0CB-EBBF-4FDE-81D0-447CDFFFA2F7}.Release|Any CPU.Build.0 = Release|Any CPU
		{200AC0CB-EBBF-4FDE-81D0-447CDFFFA2F7}.SanteDBDebug|Any CPU.ActiveCfg = Debug|Any CPU
		{200AC0CB-EBBF-4FDE-81D0-447CDFFFA2F7}.SanteDBDebug|Any CPU.Build.0 = Debug|Any CPU
		{200AC0CB-EBBF-4FDE-81D0-447CDFFFA2F7}.SanteDBRelease|Any CPU.ActiveCfg = Release|Any CPU
		{200AC0CB-EBBF-4FDE-81D0-447CDFFFA2F7}.SanteDBRelease|Any CPU.Build.0 = Release|Any CPU
		{200AC0CB-EBBF-4FDE-81D0-447CDFFFA2F7}.SignedRelease|Any CPU.ActiveCfg = Release|Any CPU
		{200AC0CB-EBBF-4FDE-81D0-447CDFFFA2F7}.SignedRelease|Any CPU.Build.0 = Release|Any CPU
		{8BF92B57-D7FC-4D6E-8DF5-3D3795956BE5}.Debug|Any CPU.ActiveCfg = Debug|Any CPU
		{8BF92B57-D7FC-4D6E-8DF5-3D3795956BE5}.Debug|Any CPU.Build.0 = Debug|Any CPU
		{8BF92B57-D7FC-4D6E-8DF5-3D3795956BE5}.MacDebug|Any CPU.ActiveCfg = Debug|Any CPU
		{8BF92B57-D7FC-4D6E-8DF5-3D3795956BE5}.MacDebug|Any CPU.Build.0 = Debug|Any CPU
		{8BF92B57-D7FC-4D6E-8DF5-3D3795956BE5}.MacRelease|Any CPU.ActiveCfg = Release|Any CPU
		{8BF92B57-D7FC-4D6E-8DF5-3D3795956BE5}.MacRelease|Any CPU.Build.0 = Release|Any CPU
		{8BF92B57-D7FC-4D6E-8DF5-3D3795956BE5}.Release|Any CPU.ActiveCfg = Release|Any CPU
		{8BF92B57-D7FC-4D6E-8DF5-3D3795956BE5}.Release|Any CPU.Build.0 = Release|Any CPU
		{8BF92B57-D7FC-4D6E-8DF5-3D3795956BE5}.SanteDBDebug|Any CPU.ActiveCfg = Debug|Any CPU
		{8BF92B57-D7FC-4D6E-8DF5-3D3795956BE5}.SanteDBDebug|Any CPU.Build.0 = Debug|Any CPU
		{8BF92B57-D7FC-4D6E-8DF5-3D3795956BE5}.SanteDBRelease|Any CPU.ActiveCfg = Release|Any CPU
		{8BF92B57-D7FC-4D6E-8DF5-3D3795956BE5}.SanteDBRelease|Any CPU.Build.0 = Release|Any CPU
		{8BF92B57-D7FC-4D6E-8DF5-3D3795956BE5}.SignedRelease|Any CPU.ActiveCfg = Release|Any CPU
		{8BF92B57-D7FC-4D6E-8DF5-3D3795956BE5}.SignedRelease|Any CPU.Build.0 = Release|Any CPU
		{A79C7AFA-518A-4099-90E9-5E1D0AFB1367}.Debug|Any CPU.ActiveCfg = Debug|Any CPU
		{A79C7AFA-518A-4099-90E9-5E1D0AFB1367}.Debug|Any CPU.Build.0 = Debug|Any CPU
		{A79C7AFA-518A-4099-90E9-5E1D0AFB1367}.MacDebug|Any CPU.ActiveCfg = Debug|Any CPU
		{A79C7AFA-518A-4099-90E9-5E1D0AFB1367}.MacDebug|Any CPU.Build.0 = Debug|Any CPU
		{A79C7AFA-518A-4099-90E9-5E1D0AFB1367}.MacRelease|Any CPU.ActiveCfg = Release|Any CPU
		{A79C7AFA-518A-4099-90E9-5E1D0AFB1367}.MacRelease|Any CPU.Build.0 = Release|Any CPU
		{A79C7AFA-518A-4099-90E9-5E1D0AFB1367}.Release|Any CPU.ActiveCfg = Release|Any CPU
		{A79C7AFA-518A-4099-90E9-5E1D0AFB1367}.Release|Any CPU.Build.0 = Release|Any CPU
		{A79C7AFA-518A-4099-90E9-5E1D0AFB1367}.SanteDBDebug|Any CPU.ActiveCfg = Debug|Any CPU
		{A79C7AFA-518A-4099-90E9-5E1D0AFB1367}.SanteDBDebug|Any CPU.Build.0 = Debug|Any CPU
		{A79C7AFA-518A-4099-90E9-5E1D0AFB1367}.SanteDBRelease|Any CPU.ActiveCfg = Release|Any CPU
		{A79C7AFA-518A-4099-90E9-5E1D0AFB1367}.SanteDBRelease|Any CPU.Build.0 = Release|Any CPU
		{A79C7AFA-518A-4099-90E9-5E1D0AFB1367}.SignedRelease|Any CPU.ActiveCfg = Release|Any CPU
		{A79C7AFA-518A-4099-90E9-5E1D0AFB1367}.SignedRelease|Any CPU.Build.0 = Release|Any CPU
		{06723F97-7069-402C-8EA3-B6BA4F95F69E}.Debug|Any CPU.ActiveCfg = Debug|Any CPU
		{06723F97-7069-402C-8EA3-B6BA4F95F69E}.Debug|Any CPU.Build.0 = Debug|Any CPU
		{06723F97-7069-402C-8EA3-B6BA4F95F69E}.MacDebug|Any CPU.ActiveCfg = Debug|Any CPU
		{06723F97-7069-402C-8EA3-B6BA4F95F69E}.MacDebug|Any CPU.Build.0 = Debug|Any CPU
		{06723F97-7069-402C-8EA3-B6BA4F95F69E}.MacRelease|Any CPU.ActiveCfg = Release|Any CPU
		{06723F97-7069-402C-8EA3-B6BA4F95F69E}.MacRelease|Any CPU.Build.0 = Release|Any CPU
		{06723F97-7069-402C-8EA3-B6BA4F95F69E}.Release|Any CPU.ActiveCfg = Release|Any CPU
		{06723F97-7069-402C-8EA3-B6BA4F95F69E}.Release|Any CPU.Build.0 = Release|Any CPU
		{06723F97-7069-402C-8EA3-B6BA4F95F69E}.SanteDBDebug|Any CPU.ActiveCfg = Debug|Any CPU
		{06723F97-7069-402C-8EA3-B6BA4F95F69E}.SanteDBDebug|Any CPU.Build.0 = Debug|Any CPU
		{06723F97-7069-402C-8EA3-B6BA4F95F69E}.SanteDBRelease|Any CPU.ActiveCfg = Release|Any CPU
		{06723F97-7069-402C-8EA3-B6BA4F95F69E}.SanteDBRelease|Any CPU.Build.0 = Release|Any CPU
		{06723F97-7069-402C-8EA3-B6BA4F95F69E}.SignedRelease|Any CPU.ActiveCfg = Release|Any CPU
		{06723F97-7069-402C-8EA3-B6BA4F95F69E}.SignedRelease|Any CPU.Build.0 = Release|Any CPU
		{068EB68E-98EE-49ED-8D4F-CAE9DB976EEA}.Debug|Any CPU.ActiveCfg = Debug|Any CPU
		{068EB68E-98EE-49ED-8D4F-CAE9DB976EEA}.Debug|Any CPU.Build.0 = Debug|Any CPU
		{068EB68E-98EE-49ED-8D4F-CAE9DB976EEA}.MacDebug|Any CPU.ActiveCfg = Debug|Any CPU
		{068EB68E-98EE-49ED-8D4F-CAE9DB976EEA}.MacDebug|Any CPU.Build.0 = Debug|Any CPU
		{068EB68E-98EE-49ED-8D4F-CAE9DB976EEA}.MacRelease|Any CPU.ActiveCfg = Release|Any CPU
		{068EB68E-98EE-49ED-8D4F-CAE9DB976EEA}.MacRelease|Any CPU.Build.0 = Release|Any CPU
		{068EB68E-98EE-49ED-8D4F-CAE9DB976EEA}.Release|Any CPU.ActiveCfg = Release|Any CPU
		{068EB68E-98EE-49ED-8D4F-CAE9DB976EEA}.Release|Any CPU.Build.0 = Release|Any CPU
		{068EB68E-98EE-49ED-8D4F-CAE9DB976EEA}.SanteDBDebug|Any CPU.ActiveCfg = Debug|Any CPU
		{068EB68E-98EE-49ED-8D4F-CAE9DB976EEA}.SanteDBDebug|Any CPU.Build.0 = Debug|Any CPU
		{068EB68E-98EE-49ED-8D4F-CAE9DB976EEA}.SanteDBRelease|Any CPU.ActiveCfg = Release|Any CPU
		{068EB68E-98EE-49ED-8D4F-CAE9DB976EEA}.SanteDBRelease|Any CPU.Build.0 = Release|Any CPU
		{068EB68E-98EE-49ED-8D4F-CAE9DB976EEA}.SignedRelease|Any CPU.ActiveCfg = Release|Any CPU
		{068EB68E-98EE-49ED-8D4F-CAE9DB976EEA}.SignedRelease|Any CPU.Build.0 = Release|Any CPU
		{380CA951-8D28-4C76-A7BF-43A83A96381F}.Debug|Any CPU.ActiveCfg = Debug|Any CPU
		{380CA951-8D28-4C76-A7BF-43A83A96381F}.Debug|Any CPU.Build.0 = Debug|Any CPU
		{380CA951-8D28-4C76-A7BF-43A83A96381F}.MacDebug|Any CPU.ActiveCfg = Debug|Any CPU
		{380CA951-8D28-4C76-A7BF-43A83A96381F}.MacDebug|Any CPU.Build.0 = Debug|Any CPU
		{380CA951-8D28-4C76-A7BF-43A83A96381F}.MacRelease|Any CPU.ActiveCfg = Release|Any CPU
		{380CA951-8D28-4C76-A7BF-43A83A96381F}.MacRelease|Any CPU.Build.0 = Release|Any CPU
		{380CA951-8D28-4C76-A7BF-43A83A96381F}.Release|Any CPU.ActiveCfg = Release|Any CPU
		{380CA951-8D28-4C76-A7BF-43A83A96381F}.Release|Any CPU.Build.0 = Release|Any CPU
		{380CA951-8D28-4C76-A7BF-43A83A96381F}.SanteDBDebug|Any CPU.ActiveCfg = Debug|Any CPU
		{380CA951-8D28-4C76-A7BF-43A83A96381F}.SanteDBDebug|Any CPU.Build.0 = Debug|Any CPU
		{380CA951-8D28-4C76-A7BF-43A83A96381F}.SanteDBRelease|Any CPU.ActiveCfg = Release|Any CPU
		{380CA951-8D28-4C76-A7BF-43A83A96381F}.SanteDBRelease|Any CPU.Build.0 = Release|Any CPU
		{380CA951-8D28-4C76-A7BF-43A83A96381F}.SignedRelease|Any CPU.ActiveCfg = Release|Any CPU
		{380CA951-8D28-4C76-A7BF-43A83A96381F}.SignedRelease|Any CPU.Build.0 = Release|Any CPU
		{16EF1840-0361-439D-806C-92D0411122EB}.Debug|Any CPU.ActiveCfg = Debug|Any CPU
		{16EF1840-0361-439D-806C-92D0411122EB}.Debug|Any CPU.Build.0 = Debug|Any CPU
		{16EF1840-0361-439D-806C-92D0411122EB}.MacDebug|Any CPU.ActiveCfg = Debug|Any CPU
		{16EF1840-0361-439D-806C-92D0411122EB}.MacDebug|Any CPU.Build.0 = Debug|Any CPU
		{16EF1840-0361-439D-806C-92D0411122EB}.MacRelease|Any CPU.ActiveCfg = Release|Any CPU
		{16EF1840-0361-439D-806C-92D0411122EB}.MacRelease|Any CPU.Build.0 = Release|Any CPU
		{16EF1840-0361-439D-806C-92D0411122EB}.Release|Any CPU.ActiveCfg = Release|Any CPU
		{16EF1840-0361-439D-806C-92D0411122EB}.Release|Any CPU.Build.0 = Release|Any CPU
		{16EF1840-0361-439D-806C-92D0411122EB}.SanteDBDebug|Any CPU.ActiveCfg = Debug|Any CPU
		{16EF1840-0361-439D-806C-92D0411122EB}.SanteDBDebug|Any CPU.Build.0 = Debug|Any CPU
		{16EF1840-0361-439D-806C-92D0411122EB}.SanteDBRelease|Any CPU.ActiveCfg = Release|Any CPU
		{16EF1840-0361-439D-806C-92D0411122EB}.SanteDBRelease|Any CPU.Build.0 = Release|Any CPU
		{16EF1840-0361-439D-806C-92D0411122EB}.SignedRelease|Any CPU.ActiveCfg = Release|Any CPU
		{16EF1840-0361-439D-806C-92D0411122EB}.SignedRelease|Any CPU.Build.0 = Release|Any CPU
		{AA0CDC72-524A-40C4-9E60-B07A5F3FA5C3}.Debug|Any CPU.ActiveCfg = Debug|Any CPU
		{AA0CDC72-524A-40C4-9E60-B07A5F3FA5C3}.Debug|Any CPU.Build.0 = Debug|Any CPU
		{AA0CDC72-524A-40C4-9E60-B07A5F3FA5C3}.MacDebug|Any CPU.ActiveCfg = Debug|Any CPU
		{AA0CDC72-524A-40C4-9E60-B07A5F3FA5C3}.MacDebug|Any CPU.Build.0 = Debug|Any CPU
		{AA0CDC72-524A-40C4-9E60-B07A5F3FA5C3}.MacRelease|Any CPU.ActiveCfg = Release|Any CPU
		{AA0CDC72-524A-40C4-9E60-B07A5F3FA5C3}.MacRelease|Any CPU.Build.0 = Release|Any CPU
		{AA0CDC72-524A-40C4-9E60-B07A5F3FA5C3}.Release|Any CPU.ActiveCfg = Release|Any CPU
		{AA0CDC72-524A-40C4-9E60-B07A5F3FA5C3}.Release|Any CPU.Build.0 = Release|Any CPU
		{AA0CDC72-524A-40C4-9E60-B07A5F3FA5C3}.SanteDBDebug|Any CPU.ActiveCfg = Debug|Any CPU
		{AA0CDC72-524A-40C4-9E60-B07A5F3FA5C3}.SanteDBDebug|Any CPU.Build.0 = Debug|Any CPU
		{AA0CDC72-524A-40C4-9E60-B07A5F3FA5C3}.SanteDBRelease|Any CPU.ActiveCfg = Release|Any CPU
		{AA0CDC72-524A-40C4-9E60-B07A5F3FA5C3}.SanteDBRelease|Any CPU.Build.0 = Release|Any CPU
		{AA0CDC72-524A-40C4-9E60-B07A5F3FA5C3}.SignedRelease|Any CPU.ActiveCfg = Release|Any CPU
		{AA0CDC72-524A-40C4-9E60-B07A5F3FA5C3}.SignedRelease|Any CPU.Build.0 = Release|Any CPU
		{AFF49D00-EBF6-4F1C-AF21-9173F674DAF8}.Debug|Any CPU.ActiveCfg = Debug|Any CPU
		{AFF49D00-EBF6-4F1C-AF21-9173F674DAF8}.Debug|Any CPU.Build.0 = Debug|Any CPU
		{AFF49D00-EBF6-4F1C-AF21-9173F674DAF8}.MacDebug|Any CPU.ActiveCfg = Debug|Any CPU
		{AFF49D00-EBF6-4F1C-AF21-9173F674DAF8}.MacDebug|Any CPU.Build.0 = Debug|Any CPU
		{AFF49D00-EBF6-4F1C-AF21-9173F674DAF8}.MacRelease|Any CPU.ActiveCfg = Release|Any CPU
		{AFF49D00-EBF6-4F1C-AF21-9173F674DAF8}.MacRelease|Any CPU.Build.0 = Release|Any CPU
		{AFF49D00-EBF6-4F1C-AF21-9173F674DAF8}.Release|Any CPU.ActiveCfg = Release|Any CPU
		{AFF49D00-EBF6-4F1C-AF21-9173F674DAF8}.Release|Any CPU.Build.0 = Release|Any CPU
		{AFF49D00-EBF6-4F1C-AF21-9173F674DAF8}.SanteDBDebug|Any CPU.ActiveCfg = Debug|Any CPU
		{AFF49D00-EBF6-4F1C-AF21-9173F674DAF8}.SanteDBDebug|Any CPU.Build.0 = Debug|Any CPU
		{AFF49D00-EBF6-4F1C-AF21-9173F674DAF8}.SanteDBRelease|Any CPU.ActiveCfg = Release|Any CPU
		{AFF49D00-EBF6-4F1C-AF21-9173F674DAF8}.SanteDBRelease|Any CPU.Build.0 = Release|Any CPU
		{AFF49D00-EBF6-4F1C-AF21-9173F674DAF8}.SignedRelease|Any CPU.ActiveCfg = Release|Any CPU
		{AFF49D00-EBF6-4F1C-AF21-9173F674DAF8}.SignedRelease|Any CPU.Build.0 = Release|Any CPU
		{554DF209-7744-433F-993A-783E2A2803EF}.Debug|Any CPU.ActiveCfg = Debug|Any CPU
		{554DF209-7744-433F-993A-783E2A2803EF}.Debug|Any CPU.Build.0 = Debug|Any CPU
		{554DF209-7744-433F-993A-783E2A2803EF}.MacDebug|Any CPU.ActiveCfg = Debug|Any CPU
		{554DF209-7744-433F-993A-783E2A2803EF}.MacDebug|Any CPU.Build.0 = Debug|Any CPU
		{554DF209-7744-433F-993A-783E2A2803EF}.MacRelease|Any CPU.ActiveCfg = Release|Any CPU
		{554DF209-7744-433F-993A-783E2A2803EF}.MacRelease|Any CPU.Build.0 = Release|Any CPU
		{554DF209-7744-433F-993A-783E2A2803EF}.Release|Any CPU.ActiveCfg = Release|Any CPU
		{554DF209-7744-433F-993A-783E2A2803EF}.Release|Any CPU.Build.0 = Release|Any CPU
		{554DF209-7744-433F-993A-783E2A2803EF}.SanteDBDebug|Any CPU.ActiveCfg = Debug|Any CPU
		{554DF209-7744-433F-993A-783E2A2803EF}.SanteDBDebug|Any CPU.Build.0 = Debug|Any CPU
		{554DF209-7744-433F-993A-783E2A2803EF}.SanteDBRelease|Any CPU.ActiveCfg = Release|Any CPU
		{554DF209-7744-433F-993A-783E2A2803EF}.SanteDBRelease|Any CPU.Build.0 = Release|Any CPU
		{554DF209-7744-433F-993A-783E2A2803EF}.SignedRelease|Any CPU.ActiveCfg = Release|Any CPU
		{554DF209-7744-433F-993A-783E2A2803EF}.SignedRelease|Any CPU.Build.0 = Release|Any CPU
		{EDCD4511-B016-48EE-BD73-491A6B6687E6}.Debug|Any CPU.ActiveCfg = Debug|Any CPU
		{EDCD4511-B016-48EE-BD73-491A6B6687E6}.Debug|Any CPU.Build.0 = Debug|Any CPU
		{EDCD4511-B016-48EE-BD73-491A6B6687E6}.MacDebug|Any CPU.ActiveCfg = Debug|Any CPU
		{EDCD4511-B016-48EE-BD73-491A6B6687E6}.MacDebug|Any CPU.Build.0 = Debug|Any CPU
		{EDCD4511-B016-48EE-BD73-491A6B6687E6}.MacRelease|Any CPU.ActiveCfg = Release|Any CPU
		{EDCD4511-B016-48EE-BD73-491A6B6687E6}.MacRelease|Any CPU.Build.0 = Release|Any CPU
		{EDCD4511-B016-48EE-BD73-491A6B6687E6}.Release|Any CPU.ActiveCfg = Release|Any CPU
		{EDCD4511-B016-48EE-BD73-491A6B6687E6}.Release|Any CPU.Build.0 = Release|Any CPU
		{EDCD4511-B016-48EE-BD73-491A6B6687E6}.SanteDBDebug|Any CPU.ActiveCfg = Debug|Any CPU
		{EDCD4511-B016-48EE-BD73-491A6B6687E6}.SanteDBDebug|Any CPU.Build.0 = Debug|Any CPU
		{EDCD4511-B016-48EE-BD73-491A6B6687E6}.SanteDBRelease|Any CPU.ActiveCfg = Release|Any CPU
		{EDCD4511-B016-48EE-BD73-491A6B6687E6}.SanteDBRelease|Any CPU.Build.0 = Release|Any CPU
		{EDCD4511-B016-48EE-BD73-491A6B6687E6}.SignedRelease|Any CPU.ActiveCfg = Release|Any CPU
		{EDCD4511-B016-48EE-BD73-491A6B6687E6}.SignedRelease|Any CPU.Build.0 = Release|Any CPU
		{406D064D-78B4-467F-86C6-B3E2F12C0A65}.Debug|Any CPU.ActiveCfg = Debug|Any CPU
		{406D064D-78B4-467F-86C6-B3E2F12C0A65}.Debug|Any CPU.Build.0 = Debug|Any CPU
		{406D064D-78B4-467F-86C6-B3E2F12C0A65}.MacDebug|Any CPU.ActiveCfg = Debug|Any CPU
		{406D064D-78B4-467F-86C6-B3E2F12C0A65}.MacDebug|Any CPU.Build.0 = Debug|Any CPU
		{406D064D-78B4-467F-86C6-B3E2F12C0A65}.MacRelease|Any CPU.ActiveCfg = Release|Any CPU
		{406D064D-78B4-467F-86C6-B3E2F12C0A65}.MacRelease|Any CPU.Build.0 = Release|Any CPU
		{406D064D-78B4-467F-86C6-B3E2F12C0A65}.Release|Any CPU.ActiveCfg = Release|Any CPU
		{406D064D-78B4-467F-86C6-B3E2F12C0A65}.Release|Any CPU.Build.0 = Release|Any CPU
		{406D064D-78B4-467F-86C6-B3E2F12C0A65}.SanteDBDebug|Any CPU.ActiveCfg = Debug|Any CPU
		{406D064D-78B4-467F-86C6-B3E2F12C0A65}.SanteDBDebug|Any CPU.Build.0 = Debug|Any CPU
		{406D064D-78B4-467F-86C6-B3E2F12C0A65}.SanteDBRelease|Any CPU.ActiveCfg = Release|Any CPU
		{406D064D-78B4-467F-86C6-B3E2F12C0A65}.SanteDBRelease|Any CPU.Build.0 = Release|Any CPU
		{406D064D-78B4-467F-86C6-B3E2F12C0A65}.SignedRelease|Any CPU.ActiveCfg = Release|Any CPU
		{406D064D-78B4-467F-86C6-B3E2F12C0A65}.SignedRelease|Any CPU.Build.0 = Release|Any CPU
		{4A16BBDF-64EB-4CDE-97AA-B18C9A44CBB6}.Debug|Any CPU.ActiveCfg = Debug|Any CPU
		{4A16BBDF-64EB-4CDE-97AA-B18C9A44CBB6}.Debug|Any CPU.Build.0 = Debug|Any CPU
		{4A16BBDF-64EB-4CDE-97AA-B18C9A44CBB6}.MacDebug|Any CPU.ActiveCfg = Debug|Any CPU
		{4A16BBDF-64EB-4CDE-97AA-B18C9A44CBB6}.MacDebug|Any CPU.Build.0 = Debug|Any CPU
		{4A16BBDF-64EB-4CDE-97AA-B18C9A44CBB6}.MacRelease|Any CPU.ActiveCfg = Release|Any CPU
		{4A16BBDF-64EB-4CDE-97AA-B18C9A44CBB6}.MacRelease|Any CPU.Build.0 = Release|Any CPU
		{4A16BBDF-64EB-4CDE-97AA-B18C9A44CBB6}.Release|Any CPU.ActiveCfg = Release|Any CPU
		{4A16BBDF-64EB-4CDE-97AA-B18C9A44CBB6}.Release|Any CPU.Build.0 = Release|Any CPU
		{4A16BBDF-64EB-4CDE-97AA-B18C9A44CBB6}.SanteDBDebug|Any CPU.ActiveCfg = Debug|Any CPU
		{4A16BBDF-64EB-4CDE-97AA-B18C9A44CBB6}.SanteDBDebug|Any CPU.Build.0 = Debug|Any CPU
		{4A16BBDF-64EB-4CDE-97AA-B18C9A44CBB6}.SanteDBRelease|Any CPU.ActiveCfg = Release|Any CPU
		{4A16BBDF-64EB-4CDE-97AA-B18C9A44CBB6}.SanteDBRelease|Any CPU.Build.0 = Release|Any CPU
		{4A16BBDF-64EB-4CDE-97AA-B18C9A44CBB6}.SignedRelease|Any CPU.ActiveCfg = Release|Any CPU
		{4A16BBDF-64EB-4CDE-97AA-B18C9A44CBB6}.SignedRelease|Any CPU.Build.0 = Release|Any CPU
		{35ECF662-93CA-413E-9165-98D252E95B41}.Debug|Any CPU.ActiveCfg = Debug|Any CPU
		{35ECF662-93CA-413E-9165-98D252E95B41}.Debug|Any CPU.Build.0 = Debug|Any CPU
		{35ECF662-93CA-413E-9165-98D252E95B41}.MacDebug|Any CPU.ActiveCfg = Debug|Any CPU
		{35ECF662-93CA-413E-9165-98D252E95B41}.MacDebug|Any CPU.Build.0 = Debug|Any CPU
		{35ECF662-93CA-413E-9165-98D252E95B41}.MacRelease|Any CPU.ActiveCfg = Release|Any CPU
		{35ECF662-93CA-413E-9165-98D252E95B41}.MacRelease|Any CPU.Build.0 = Release|Any CPU
		{35ECF662-93CA-413E-9165-98D252E95B41}.Release|Any CPU.ActiveCfg = Release|Any CPU
		{35ECF662-93CA-413E-9165-98D252E95B41}.Release|Any CPU.Build.0 = Release|Any CPU
		{35ECF662-93CA-413E-9165-98D252E95B41}.SanteDBDebug|Any CPU.ActiveCfg = Debug|Any CPU
		{35ECF662-93CA-413E-9165-98D252E95B41}.SanteDBDebug|Any CPU.Build.0 = Debug|Any CPU
		{35ECF662-93CA-413E-9165-98D252E95B41}.SanteDBRelease|Any CPU.ActiveCfg = Release|Any CPU
		{35ECF662-93CA-413E-9165-98D252E95B41}.SanteDBRelease|Any CPU.Build.0 = Release|Any CPU
		{35ECF662-93CA-413E-9165-98D252E95B41}.SignedRelease|Any CPU.ActiveCfg = Release|Any CPU
		{35ECF662-93CA-413E-9165-98D252E95B41}.SignedRelease|Any CPU.Build.0 = Release|Any CPU
		{E210AD94-8006-4F32-A86D-198CB2D8A9CE}.Debug|Any CPU.ActiveCfg = Debug|Any CPU
		{E210AD94-8006-4F32-A86D-198CB2D8A9CE}.Debug|Any CPU.Build.0 = Debug|Any CPU
		{E210AD94-8006-4F32-A86D-198CB2D8A9CE}.MacDebug|Any CPU.ActiveCfg = Debug|Any CPU
		{E210AD94-8006-4F32-A86D-198CB2D8A9CE}.MacDebug|Any CPU.Build.0 = Debug|Any CPU
		{E210AD94-8006-4F32-A86D-198CB2D8A9CE}.MacRelease|Any CPU.ActiveCfg = Release|Any CPU
		{E210AD94-8006-4F32-A86D-198CB2D8A9CE}.MacRelease|Any CPU.Build.0 = Release|Any CPU
		{E210AD94-8006-4F32-A86D-198CB2D8A9CE}.Release|Any CPU.ActiveCfg = Release|Any CPU
		{E210AD94-8006-4F32-A86D-198CB2D8A9CE}.Release|Any CPU.Build.0 = Release|Any CPU
		{E210AD94-8006-4F32-A86D-198CB2D8A9CE}.SanteDBDebug|Any CPU.ActiveCfg = Debug|Any CPU
		{E210AD94-8006-4F32-A86D-198CB2D8A9CE}.SanteDBDebug|Any CPU.Build.0 = Debug|Any CPU
		{E210AD94-8006-4F32-A86D-198CB2D8A9CE}.SanteDBRelease|Any CPU.ActiveCfg = Release|Any CPU
		{E210AD94-8006-4F32-A86D-198CB2D8A9CE}.SanteDBRelease|Any CPU.Build.0 = Release|Any CPU
		{E210AD94-8006-4F32-A86D-198CB2D8A9CE}.SignedRelease|Any CPU.ActiveCfg = Release|Any CPU
		{E210AD94-8006-4F32-A86D-198CB2D8A9CE}.SignedRelease|Any CPU.Build.0 = Release|Any CPU
		{0E614226-EA3F-454C-BB7D-B26D2DD1E92A}.Debug|Any CPU.ActiveCfg = Debug|Any CPU
		{0E614226-EA3F-454C-BB7D-B26D2DD1E92A}.Debug|Any CPU.Build.0 = Debug|Any CPU
		{0E614226-EA3F-454C-BB7D-B26D2DD1E92A}.MacDebug|Any CPU.ActiveCfg = Debug|Any CPU
		{0E614226-EA3F-454C-BB7D-B26D2DD1E92A}.MacDebug|Any CPU.Build.0 = Debug|Any CPU
		{0E614226-EA3F-454C-BB7D-B26D2DD1E92A}.MacRelease|Any CPU.ActiveCfg = Release|Any CPU
		{0E614226-EA3F-454C-BB7D-B26D2DD1E92A}.MacRelease|Any CPU.Build.0 = Release|Any CPU
		{0E614226-EA3F-454C-BB7D-B26D2DD1E92A}.Release|Any CPU.ActiveCfg = Release|Any CPU
		{0E614226-EA3F-454C-BB7D-B26D2DD1E92A}.Release|Any CPU.Build.0 = Release|Any CPU
		{0E614226-EA3F-454C-BB7D-B26D2DD1E92A}.SanteDBDebug|Any CPU.ActiveCfg = Debug|Any CPU
		{0E614226-EA3F-454C-BB7D-B26D2DD1E92A}.SanteDBDebug|Any CPU.Build.0 = Debug|Any CPU
		{0E614226-EA3F-454C-BB7D-B26D2DD1E92A}.SanteDBRelease|Any CPU.ActiveCfg = Release|Any CPU
		{0E614226-EA3F-454C-BB7D-B26D2DD1E92A}.SanteDBRelease|Any CPU.Build.0 = Release|Any CPU
		{0E614226-EA3F-454C-BB7D-B26D2DD1E92A}.SignedRelease|Any CPU.ActiveCfg = Release|Any CPU
		{0E614226-EA3F-454C-BB7D-B26D2DD1E92A}.SignedRelease|Any CPU.Build.0 = Release|Any CPU
	EndGlobalSection
	GlobalSection(SolutionProperties) = preSolution
		HideSolutionNode = FALSE
	EndGlobalSection
	GlobalSection(NestedProjects) = preSolution
		{3A45F695-47A2-464C-ACE6-BDABBFA39FBC} = {D8E3051B-A09A-471B-ABA4-00F16DD9B82B}
		{59B5E3BE-790E-451F-BACA-631369CF535C} = {D8E3051B-A09A-471B-ABA4-00F16DD9B82B}
		{F1A82A4F-4A57-47D7-AE76-444C8A4FF54A} = {D8E3051B-A09A-471B-ABA4-00F16DD9B82B}
		{407C87E6-A1F3-45E6-B883-A8176B350817} = {29A3C488-5AA4-4F77-A7E3-1A3B1050D4D9}
		{3BFD6EE6-0267-4D82-BE7D-9B48B2F6F3D4} = {2AFDEBED-1966-430B-B16A-34022FC93488}
		{6AFCADBB-4505-43FD-A1BA-ED7DBC1BB232} = {2AFDEBED-1966-430B-B16A-34022FC93488}
		{39E61451-F4FE-493D-B754-5F06EB284AAC} = {74683729-B998-4C73-8C5F-AC59F6239539}
		{F322715B-FBAD-4C8C-B523-AA723490C05E} = {74683729-B998-4C73-8C5F-AC59F6239539}
		{CAD6BCB7-758B-4AA4-A5FE-A9FAB8A4CF2F} = {01B1600D-D348-4EE9-B843-7AE758A8D119}
		{F17BD798-699C-4558-AE75-F2AC97B52E86} = {01B1600D-D348-4EE9-B843-7AE758A8D119}
		{9D9F8267-349B-49FA-A0D5-CAA8CE6A0D7C} = {D8E3051B-A09A-471B-ABA4-00F16DD9B82B}
		{0FDBD4DB-30AE-4E1D-AAE1-5FE1370DCE3F} = {9D9F8267-349B-49FA-A0D5-CAA8CE6A0D7C}
		{C222B929-6E9E-4B2E-A98E-CC23EE681047} = {9D9F8267-349B-49FA-A0D5-CAA8CE6A0D7C}
		{4F5D3E16-3FAB-4244-B3F0-98983E6C6F69} = {9D9F8267-349B-49FA-A0D5-CAA8CE6A0D7C}
		{BD449FB5-95EA-47F1-8D01-575E8B6FEABF} = {2AFDEBED-1966-430B-B16A-34022FC93488}
		{217DDDBD-D64E-492C-947E-8DB35F524F1E} = {7D187912-611D-43A5-9432-4BECEAEE6C9F}
		{200AC0CB-EBBF-4FDE-81D0-447CDFFFA2F7} = {7D187912-611D-43A5-9432-4BECEAEE6C9F}
		{8BF92B57-D7FC-4D6E-8DF5-3D3795956BE5} = {626417C5-495B-49D6-B611-CBC356E58A49}
		{A79C7AFA-518A-4099-90E9-5E1D0AFB1367} = {626417C5-495B-49D6-B611-CBC356E58A49}
		{06723F97-7069-402C-8EA3-B6BA4F95F69E} = {D8E3051B-A09A-471B-ABA4-00F16DD9B82B}
		{068EB68E-98EE-49ED-8D4F-CAE9DB976EEA} = {D8E3051B-A09A-471B-ABA4-00F16DD9B82B}
		{380CA951-8D28-4C76-A7BF-43A83A96381F} = {626417C5-495B-49D6-B611-CBC356E58A49}
		{16EF1840-0361-439D-806C-92D0411122EB} = {626417C5-495B-49D6-B611-CBC356E58A49}
		{AA0CDC72-524A-40C4-9E60-B07A5F3FA5C3} = {626417C5-495B-49D6-B611-CBC356E58A49}
		{626417C5-495B-49D6-B611-CBC356E58A49} = {D8E3051B-A09A-471B-ABA4-00F16DD9B82B}
		{AFF49D00-EBF6-4F1C-AF21-9173F674DAF8} = {30A9C7D0-7A32-42D9-9058-D3DB60451A8C}
		{554DF209-7744-433F-993A-783E2A2803EF} = {7BB6E1B6-F67A-46BD-A1F6-9D801FC3D58C}
		{EDCD4511-B016-48EE-BD73-491A6B6687E6} = {7BB6E1B6-F67A-46BD-A1F6-9D801FC3D58C}
		{406D064D-78B4-467F-86C6-B3E2F12C0A65} = {7BB6E1B6-F67A-46BD-A1F6-9D801FC3D58C}
		{4A16BBDF-64EB-4CDE-97AA-B18C9A44CBB6} = {7BB6E1B6-F67A-46BD-A1F6-9D801FC3D58C}
		{35ECF662-93CA-413E-9165-98D252E95B41} = {7BB6E1B6-F67A-46BD-A1F6-9D801FC3D58C}
		{E210AD94-8006-4F32-A86D-198CB2D8A9CE} = {30A9C7D0-7A32-42D9-9058-D3DB60451A8C}
		{0E614226-EA3F-454C-BB7D-B26D2DD1E92A} = {7D187912-611D-43A5-9432-4BECEAEE6C9F}
	EndGlobalSection
	GlobalSection(ExtensibilityGlobals) = postSolution
		SolutionGuid = {4BEB0D4D-BB96-4F5B-ACDD-A634B349E978}
	EndGlobalSection
EndGlobal
